// !$*UTF8*$!
{
	archiveVersion = 1;
	classes = {
	};
	objectVersion = 51;
	objects = {

/* Begin PBXBuildFile section */
		0A9E555C48EACC531E0EE439 /* Pods_greader_greaderUITests.framework in Frameworks */ = {isa = PBXBuildFile; fileRef = 6E4BC1A47D92247CCAB0CD6F /* Pods_greader_greaderUITests.framework */; };
		1D29D3C523974A0900477592 /* AppDelegate.swift in Sources */ = {isa = PBXBuildFile; fileRef = 1D29D3C423974A0900477592 /* AppDelegate.swift */; };
		1D29D3C923974A0900477592 /* HomeViewController.swift in Sources */ = {isa = PBXBuildFile; fileRef = 1D29D3C823974A0900477592 /* HomeViewController.swift */; };
		1D29D3CE23974A0900477592 /* TabBar.storyboard in Resources */ = {isa = PBXBuildFile; fileRef = 1D29D3CC23974A0900477592 /* TabBar.storyboard */; };
		1D29D3D123974A0900477592 /* greader.xcdatamodeld in Sources */ = {isa = PBXBuildFile; fileRef = 1D29D3CF23974A0900477592 /* greader.xcdatamodeld */; };
		1D29D3D623974A1200477592 /* LaunchScreen.storyboard in Resources */ = {isa = PBXBuildFile; fileRef = 1D29D3D423974A1200477592 /* LaunchScreen.storyboard */; };
		1D29D3E123974A1300477592 /* greaderTests.swift in Sources */ = {isa = PBXBuildFile; fileRef = 1D29D3E023974A1300477592 /* greaderTests.swift */; };
		1D29D3EC23974A1300477592 /* greaderUITests.swift in Sources */ = {isa = PBXBuildFile; fileRef = 1D29D3EB23974A1300477592 /* greaderUITests.swift */; };
		1D36C74F2397FA4C00671DF3 /* TabBarViewController.swift in Sources */ = {isa = PBXBuildFile; fileRef = 1D36C74E2397FA4C00671DF3 /* TabBarViewController.swift */; };
		1D36C752239800CE00671DF3 /* Home.storyboard in Resources */ = {isa = PBXBuildFile; fileRef = 1D36C751239800CE00671DF3 /* Home.storyboard */; };
		1D36C7552398029500671DF3 /* Search.storyboard in Resources */ = {isa = PBXBuildFile; fileRef = 1D36C7542398029500671DF3 /* Search.storyboard */; };
		1D36C757239802A200671DF3 /* SearchViewController.swift in Sources */ = {isa = PBXBuildFile; fileRef = 1D36C756239802A200671DF3 /* SearchViewController.swift */; };
		1D36C75C239802F900671DF3 /* Favorites.storyboard in Resources */ = {isa = PBXBuildFile; fileRef = 1D36C75B239802F900671DF3 /* Favorites.storyboard */; };
		1D36C75E2398030D00671DF3 /* FavoritesViewController.swift in Sources */ = {isa = PBXBuildFile; fileRef = 1D36C75D2398030D00671DF3 /* FavoritesViewController.swift */; };
		1D36C76023981EB600671DF3 /* Colors.xcassets in Resources */ = {isa = PBXBuildFile; fileRef = 1D36C75F23981EB600671DF3 /* Colors.xcassets */; };
		1D36C7662398323200671DF3 /* ViewExtensions.swift in Sources */ = {isa = PBXBuildFile; fileRef = 1D36C7652398323200671DF3 /* ViewExtensions.swift */; };
		1D36C771239836F100671DF3 /* Montserrat-Bold.ttf in Resources */ = {isa = PBXBuildFile; fileRef = 1D36C76D239836F000671DF3 /* Montserrat-Bold.ttf */; };
		1D36C772239836F100671DF3 /* Montserrat-Medium.ttf in Resources */ = {isa = PBXBuildFile; fileRef = 1D36C76E239836F000671DF3 /* Montserrat-Medium.ttf */; };
		1D36C773239836F100671DF3 /* Montserrat-Light.ttf in Resources */ = {isa = PBXBuildFile; fileRef = 1D36C76F239836F000671DF3 /* Montserrat-Light.ttf */; };
		1D36C774239836F100671DF3 /* Montserrat-Regular.ttf in Resources */ = {isa = PBXBuildFile; fileRef = 1D36C770239836F000671DF3 /* Montserrat-Regular.ttf */; };
		1D36C775239836F900671DF3 /* Montserrat-Thin.ttf in Resources */ = {isa = PBXBuildFile; fileRef = 1D36C76C2398359C00671DF3 /* Montserrat-Thin.ttf */; };
		1D36C77823983B4800671DF3 /* CategoryCell.xib in Resources */ = {isa = PBXBuildFile; fileRef = 1D36C77723983B4800671DF3 /* CategoryCell.xib */; };
		1D36C77A23983B8900671DF3 /* CategoryCell.swift in Sources */ = {isa = PBXBuildFile; fileRef = 1D36C77923983B8800671DF3 /* CategoryCell.swift */; };
		1D36C77C2398439F00671DF3 /* Montserrat-Black.ttf in Resources */ = {isa = PBXBuildFile; fileRef = 1D36C77B2398439F00671DF3 /* Montserrat-Black.ttf */; };
		1D36C77F2398459A00671DF3 /* Category.swift in Sources */ = {isa = PBXBuildFile; fileRef = 1D36C77E2398459A00671DF3 /* Category.swift */; };
		1D36C78423996C8E00671DF3 /* HomePresenter.swift in Sources */ = {isa = PBXBuildFile; fileRef = 1D36C78323996C8E00671DF3 /* HomePresenter.swift */; };
		1D36C78623996ED300671DF3 /* HomeService.swift in Sources */ = {isa = PBXBuildFile; fileRef = 1D36C78523996ED300671DF3 /* HomeService.swift */; };
		1D36C7892399706D00671DF3 /* ServiceError.swift in Sources */ = {isa = PBXBuildFile; fileRef = 1D36C7882399706D00671DF3 /* ServiceError.swift */; };
		1D36C78B2399714700671DF3 /* API.swift in Sources */ = {isa = PBXBuildFile; fileRef = 1D36C78A2399714700671DF3 /* API.swift */; };
		1D36C78D2399872100671DF3 /* Loading.swift in Sources */ = {isa = PBXBuildFile; fileRef = 1D36C78C2399872100671DF3 /* Loading.swift */; };
		1D36C790239A8EF100671DF3 /* CoreDataManager.swift in Sources */ = {isa = PBXBuildFile; fileRef = 1D36C78F239A8EF100671DF3 /* CoreDataManager.swift */; };
		1D36C7B2239A99F700671DF3 /* FavoriteEntity.swift in Sources */ = {isa = PBXBuildFile; fileRef = 1D36C7B1239A99F700671DF3 /* FavoriteEntity.swift */; };
		1D36C7B4239AA36E00671DF3 /* FavoritesPresenter.swift in Sources */ = {isa = PBXBuildFile; fileRef = 1D36C7B3239AA36E00671DF3 /* FavoritesPresenter.swift */; };
		1D36C7B6239AA4AB00671DF3 /* FavoritesService.swift in Sources */ = {isa = PBXBuildFile; fileRef = 1D36C7B5239AA4AB00671DF3 /* FavoritesService.swift */; };
		1D36C7B8239AC51D00671DF3 /* Categories.storyboard in Resources */ = {isa = PBXBuildFile; fileRef = 1D36C7B7239AC51D00671DF3 /* Categories.storyboard */; };
		1D36C7BA239AC52E00671DF3 /* CategoriesViewController.swift in Sources */ = {isa = PBXBuildFile; fileRef = 1D36C7B9239AC52E00671DF3 /* CategoriesViewController.swift */; };
		1D36C7BC239AC64300671DF3 /* Segues.swift in Sources */ = {isa = PBXBuildFile; fileRef = 1D36C7BB239AC64300671DF3 /* Segues.swift */; };
		1D36C7BE239AD5FE00671DF3 /* Fonts.swift in Sources */ = {isa = PBXBuildFile; fileRef = 1D36C7BD239AD5FE00671DF3 /* Fonts.swift */; };
		1D6B36BB239880AD0072A91B /* ArticleCell.swift in Sources */ = {isa = PBXBuildFile; fileRef = 1D6B36BA239880AC0072A91B /* ArticleCell.swift */; };
		1D6B36BF239881620072A91B /* ArticleCell.xib in Resources */ = {isa = PBXBuildFile; fileRef = 1D6B36BE239881620072A91B /* ArticleCell.xib */; };
		1D6B36C1239885D90072A91B /* Article.swift in Sources */ = {isa = PBXBuildFile; fileRef = 1D6B36C0239885D90072A91B /* Article.swift */; };
		1D6B36C3239888190072A91B /* Colors.swift in Sources */ = {isa = PBXBuildFile; fileRef = 1D6B36C2239888190072A91B /* Colors.swift */; };
		1D6B36C523989D130072A91B /* TableViewExtensions.swift in Sources */ = {isa = PBXBuildFile; fileRef = 1D6B36C423989D130072A91B /* TableViewExtensions.swift */; };
		1D6B36C723989D4C0072A91B /* TypeExtensions.swift in Sources */ = {isa = PBXBuildFile; fileRef = 1D6B36C623989D4C0072A91B /* TypeExtensions.swift */; };
		1D7D726C2399CC8E006C78D9 /* Assets.xcassets in Resources */ = {isa = PBXBuildFile; fileRef = 1D29D3D223974A1200477592 /* Assets.xcassets */; };
		56245871D258893FA1D48CAC /* Pods_greader.framework in Frameworks */ = {isa = PBXBuildFile; fileRef = E35A7FBC1B1F338985A9A8BD /* Pods_greader.framework */; };
		8B8E1644FF092EF64293F0C9 /* Pods_greaderTests.framework in Frameworks */ = {isa = PBXBuildFile; fileRef = 3B9FB9E598DDF46A7C095FA1 /* Pods_greaderTests.framework */; };
/* End PBXBuildFile section */

/* Begin PBXContainerItemProxy section */
		1D29D3DD23974A1300477592 /* PBXContainerItemProxy */ = {
			isa = PBXContainerItemProxy;
			containerPortal = 1D29D3B923974A0900477592 /* Project object */;
			proxyType = 1;
			remoteGlobalIDString = 1D29D3C023974A0900477592;
			remoteInfo = greader;
		};
		1D29D3E823974A1300477592 /* PBXContainerItemProxy */ = {
			isa = PBXContainerItemProxy;
			containerPortal = 1D29D3B923974A0900477592 /* Project object */;
			proxyType = 1;
			remoteGlobalIDString = 1D29D3C023974A0900477592;
			remoteInfo = greader;
		};
/* End PBXContainerItemProxy section */

/* Begin PBXFileReference section */
		0ECBC4F6C58E6A396A288DE2 /* Pods-greader.debug.xcconfig */ = {isa = PBXFileReference; includeInIndex = 1; lastKnownFileType = text.xcconfig; name = "Pods-greader.debug.xcconfig"; path = "Target Support Files/Pods-greader/Pods-greader.debug.xcconfig"; sourceTree = "<group>"; };
		1D29D3C123974A0900477592 /* G Reader.app */ = {isa = PBXFileReference; explicitFileType = wrapper.application; includeInIndex = 0; path = "G Reader.app"; sourceTree = BUILT_PRODUCTS_DIR; };
		1D29D3C423974A0900477592 /* AppDelegate.swift */ = {isa = PBXFileReference; lastKnownFileType = sourcecode.swift; path = AppDelegate.swift; sourceTree = "<group>"; };
		1D29D3C823974A0900477592 /* HomeViewController.swift */ = {isa = PBXFileReference; lastKnownFileType = sourcecode.swift; path = HomeViewController.swift; sourceTree = "<group>"; };
		1D29D3CD23974A0900477592 /* Base */ = {isa = PBXFileReference; lastKnownFileType = file.storyboard; name = Base; path = Base.lproj/TabBar.storyboard; sourceTree = "<group>"; };
		1D29D3D023974A0900477592 /* greader.xcdatamodel */ = {isa = PBXFileReference; lastKnownFileType = wrapper.xcdatamodel; path = greader.xcdatamodel; sourceTree = "<group>"; };
		1D29D3D223974A1200477592 /* Assets.xcassets */ = {isa = PBXFileReference; lastKnownFileType = folder.assetcatalog; path = Assets.xcassets; sourceTree = "<group>"; };
		1D29D3D523974A1200477592 /* Base */ = {isa = PBXFileReference; lastKnownFileType = file.storyboard; name = Base; path = Base.lproj/LaunchScreen.storyboard; sourceTree = "<group>"; };
		1D29D3D723974A1200477592 /* Info.plist */ = {isa = PBXFileReference; lastKnownFileType = text.plist.xml; path = Info.plist; sourceTree = "<group>"; };
		1D29D3DC23974A1300477592 /* greaderTests.xctest */ = {isa = PBXFileReference; explicitFileType = wrapper.cfbundle; includeInIndex = 0; path = greaderTests.xctest; sourceTree = BUILT_PRODUCTS_DIR; };
		1D29D3E023974A1300477592 /* greaderTests.swift */ = {isa = PBXFileReference; lastKnownFileType = sourcecode.swift; path = greaderTests.swift; sourceTree = "<group>"; };
		1D29D3E223974A1300477592 /* Info.plist */ = {isa = PBXFileReference; lastKnownFileType = text.plist.xml; path = Info.plist; sourceTree = "<group>"; };
		1D29D3E723974A1300477592 /* greaderUITests.xctest */ = {isa = PBXFileReference; explicitFileType = wrapper.cfbundle; includeInIndex = 0; path = greaderUITests.xctest; sourceTree = BUILT_PRODUCTS_DIR; };
		1D29D3EB23974A1300477592 /* greaderUITests.swift */ = {isa = PBXFileReference; lastKnownFileType = sourcecode.swift; path = greaderUITests.swift; sourceTree = "<group>"; };
		1D29D3ED23974A1300477592 /* Info.plist */ = {isa = PBXFileReference; lastKnownFileType = text.plist.xml; path = Info.plist; sourceTree = "<group>"; };
		1D36C74E2397FA4C00671DF3 /* TabBarViewController.swift */ = {isa = PBXFileReference; lastKnownFileType = sourcecode.swift; path = TabBarViewController.swift; sourceTree = "<group>"; };
		1D36C751239800CE00671DF3 /* Home.storyboard */ = {isa = PBXFileReference; lastKnownFileType = file.storyboard; path = Home.storyboard; sourceTree = "<group>"; };
		1D36C7542398029500671DF3 /* Search.storyboard */ = {isa = PBXFileReference; lastKnownFileType = file.storyboard; path = Search.storyboard; sourceTree = "<group>"; };
		1D36C756239802A200671DF3 /* SearchViewController.swift */ = {isa = PBXFileReference; lastKnownFileType = sourcecode.swift; path = SearchViewController.swift; sourceTree = "<group>"; };
		1D36C75B239802F900671DF3 /* Favorites.storyboard */ = {isa = PBXFileReference; lastKnownFileType = file.storyboard; path = Favorites.storyboard; sourceTree = "<group>"; };
		1D36C75D2398030D00671DF3 /* FavoritesViewController.swift */ = {isa = PBXFileReference; lastKnownFileType = sourcecode.swift; path = FavoritesViewController.swift; sourceTree = "<group>"; };
		1D36C75F23981EB600671DF3 /* Colors.xcassets */ = {isa = PBXFileReference; lastKnownFileType = folder.assetcatalog; path = Colors.xcassets; sourceTree = "<group>"; };
		1D36C7652398323200671DF3 /* ViewExtensions.swift */ = {isa = PBXFileReference; lastKnownFileType = sourcecode.swift; path = ViewExtensions.swift; sourceTree = "<group>"; };
		1D36C76C2398359C00671DF3 /* Montserrat-Thin.ttf */ = {isa = PBXFileReference; lastKnownFileType = file; path = "Montserrat-Thin.ttf"; sourceTree = "<group>"; };
		1D36C76D239836F000671DF3 /* Montserrat-Bold.ttf */ = {isa = PBXFileReference; lastKnownFileType = file; path = "Montserrat-Bold.ttf"; sourceTree = "<group>"; };
		1D36C76E239836F000671DF3 /* Montserrat-Medium.ttf */ = {isa = PBXFileReference; lastKnownFileType = file; path = "Montserrat-Medium.ttf"; sourceTree = "<group>"; };
		1D36C76F239836F000671DF3 /* Montserrat-Light.ttf */ = {isa = PBXFileReference; lastKnownFileType = file; path = "Montserrat-Light.ttf"; sourceTree = "<group>"; };
		1D36C770239836F000671DF3 /* Montserrat-Regular.ttf */ = {isa = PBXFileReference; lastKnownFileType = file; path = "Montserrat-Regular.ttf"; sourceTree = "<group>"; };
		1D36C77723983B4800671DF3 /* CategoryCell.xib */ = {isa = PBXFileReference; lastKnownFileType = file.xib; path = CategoryCell.xib; sourceTree = "<group>"; };
		1D36C77923983B8800671DF3 /* CategoryCell.swift */ = {isa = PBXFileReference; lastKnownFileType = sourcecode.swift; path = CategoryCell.swift; sourceTree = "<group>"; };
		1D36C77B2398439F00671DF3 /* Montserrat-Black.ttf */ = {isa = PBXFileReference; lastKnownFileType = file; path = "Montserrat-Black.ttf"; sourceTree = "<group>"; };
		1D36C77E2398459A00671DF3 /* Category.swift */ = {isa = PBXFileReference; lastKnownFileType = sourcecode.swift; path = Category.swift; sourceTree = "<group>"; };
		1D36C78323996C8E00671DF3 /* HomePresenter.swift */ = {isa = PBXFileReference; lastKnownFileType = sourcecode.swift; path = HomePresenter.swift; sourceTree = "<group>"; };
		1D36C78523996ED300671DF3 /* HomeService.swift */ = {isa = PBXFileReference; lastKnownFileType = sourcecode.swift; path = HomeService.swift; sourceTree = "<group>"; };
		1D36C7882399706D00671DF3 /* ServiceError.swift */ = {isa = PBXFileReference; lastKnownFileType = sourcecode.swift; path = ServiceError.swift; sourceTree = "<group>"; };
		1D36C78A2399714700671DF3 /* API.swift */ = {isa = PBXFileReference; lastKnownFileType = sourcecode.swift; path = API.swift; sourceTree = "<group>"; };
		1D36C78C2399872100671DF3 /* Loading.swift */ = {isa = PBXFileReference; lastKnownFileType = sourcecode.swift; path = Loading.swift; sourceTree = "<group>"; };
		1D36C78F239A8EF100671DF3 /* CoreDataManager.swift */ = {isa = PBXFileReference; lastKnownFileType = sourcecode.swift; path = CoreDataManager.swift; sourceTree = "<group>"; };
		1D36C7B1239A99F700671DF3 /* FavoriteEntity.swift */ = {isa = PBXFileReference; fileEncoding = 4; lastKnownFileType = sourcecode.swift; path = FavoriteEntity.swift; sourceTree = "<group>"; };
		1D36C7B3239AA36E00671DF3 /* FavoritesPresenter.swift */ = {isa = PBXFileReference; lastKnownFileType = sourcecode.swift; path = FavoritesPresenter.swift; sourceTree = "<group>"; };
		1D36C7B5239AA4AB00671DF3 /* FavoritesService.swift */ = {isa = PBXFileReference; lastKnownFileType = sourcecode.swift; path = FavoritesService.swift; sourceTree = "<group>"; };
		1D36C7B7239AC51D00671DF3 /* Categories.storyboard */ = {isa = PBXFileReference; lastKnownFileType = file.storyboard; path = Categories.storyboard; sourceTree = "<group>"; };
		1D36C7B9239AC52E00671DF3 /* CategoriesViewController.swift */ = {isa = PBXFileReference; lastKnownFileType = sourcecode.swift; path = CategoriesViewController.swift; sourceTree = "<group>"; };
		1D36C7BB239AC64300671DF3 /* Segues.swift */ = {isa = PBXFileReference; lastKnownFileType = sourcecode.swift; path = Segues.swift; sourceTree = "<group>"; };
		1D36C7BD239AD5FE00671DF3 /* Fonts.swift */ = {isa = PBXFileReference; lastKnownFileType = sourcecode.swift; path = Fonts.swift; sourceTree = "<group>"; };
		1D6B36BA239880AC0072A91B /* ArticleCell.swift */ = {isa = PBXFileReference; lastKnownFileType = sourcecode.swift; path = ArticleCell.swift; sourceTree = "<group>"; };
		1D6B36BE239881620072A91B /* ArticleCell.xib */ = {isa = PBXFileReference; lastKnownFileType = file.xib; path = ArticleCell.xib; sourceTree = "<group>"; };
		1D6B36C0239885D90072A91B /* Article.swift */ = {isa = PBXFileReference; lastKnownFileType = sourcecode.swift; path = Article.swift; sourceTree = "<group>"; };
		1D6B36C2239888190072A91B /* Colors.swift */ = {isa = PBXFileReference; lastKnownFileType = sourcecode.swift; path = Colors.swift; sourceTree = "<group>"; };
		1D6B36C423989D130072A91B /* TableViewExtensions.swift */ = {isa = PBXFileReference; lastKnownFileType = sourcecode.swift; path = TableViewExtensions.swift; sourceTree = "<group>"; };
		1D6B36C623989D4C0072A91B /* TypeExtensions.swift */ = {isa = PBXFileReference; lastKnownFileType = sourcecode.swift; path = TypeExtensions.swift; sourceTree = "<group>"; };
		1D7E286C239C7FCC00E90C7A /* pt-BR */ = {isa = PBXFileReference; lastKnownFileType = text.plist.strings; name = "pt-BR"; path = "pt-BR.lproj/LaunchScreen.strings"; sourceTree = "<group>"; };
		1D7E286D239C7FCD00E90C7A /* pt-BR */ = {isa = PBXFileReference; lastKnownFileType = text.plist.strings; name = "pt-BR"; path = "pt-BR.lproj/TabBar.strings"; sourceTree = "<group>"; };
		1EB43E864F15DEF59DE95C10 /* Pods-greader-greaderUITests.release.xcconfig */ = {isa = PBXFileReference; includeInIndex = 1; lastKnownFileType = text.xcconfig; name = "Pods-greader-greaderUITests.release.xcconfig"; path = "Target Support Files/Pods-greader-greaderUITests/Pods-greader-greaderUITests.release.xcconfig"; sourceTree = "<group>"; };
		36956ABC380E68A78860E298 /* Pods-greaderTests.release.xcconfig */ = {isa = PBXFileReference; includeInIndex = 1; lastKnownFileType = text.xcconfig; name = "Pods-greaderTests.release.xcconfig"; path = "Target Support Files/Pods-greaderTests/Pods-greaderTests.release.xcconfig"; sourceTree = "<group>"; };
		3B9FB9E598DDF46A7C095FA1 /* Pods_greaderTests.framework */ = {isa = PBXFileReference; explicitFileType = wrapper.framework; includeInIndex = 0; path = Pods_greaderTests.framework; sourceTree = BUILT_PRODUCTS_DIR; };
		6E4BC1A47D92247CCAB0CD6F /* Pods_greader_greaderUITests.framework */ = {isa = PBXFileReference; explicitFileType = wrapper.framework; includeInIndex = 0; path = Pods_greader_greaderUITests.framework; sourceTree = BUILT_PRODUCTS_DIR; };
		CAC240F8E286B171B366BB57 /* Pods-greader-greaderUITests.debug.xcconfig */ = {isa = PBXFileReference; includeInIndex = 1; lastKnownFileType = text.xcconfig; name = "Pods-greader-greaderUITests.debug.xcconfig"; path = "Target Support Files/Pods-greader-greaderUITests/Pods-greader-greaderUITests.debug.xcconfig"; sourceTree = "<group>"; };
		E35A7FBC1B1F338985A9A8BD /* Pods_greader.framework */ = {isa = PBXFileReference; explicitFileType = wrapper.framework; includeInIndex = 0; path = Pods_greader.framework; sourceTree = BUILT_PRODUCTS_DIR; };
		EA41A4919E4264B4E1DCDE6D /* Pods-greader.release.xcconfig */ = {isa = PBXFileReference; includeInIndex = 1; lastKnownFileType = text.xcconfig; name = "Pods-greader.release.xcconfig"; path = "Target Support Files/Pods-greader/Pods-greader.release.xcconfig"; sourceTree = "<group>"; };
		FF631E5147DDCD195C241B75 /* Pods-greaderTests.debug.xcconfig */ = {isa = PBXFileReference; includeInIndex = 1; lastKnownFileType = text.xcconfig; name = "Pods-greaderTests.debug.xcconfig"; path = "Target Support Files/Pods-greaderTests/Pods-greaderTests.debug.xcconfig"; sourceTree = "<group>"; };
/* End PBXFileReference section */

/* Begin PBXFrameworksBuildPhase section */
		1D29D3BE23974A0900477592 /* Frameworks */ = {
			isa = PBXFrameworksBuildPhase;
			buildActionMask = 2147483647;
			files = (
				56245871D258893FA1D48CAC /* Pods_greader.framework in Frameworks */,
			);
			runOnlyForDeploymentPostprocessing = 0;
		};
		1D29D3D923974A1300477592 /* Frameworks */ = {
			isa = PBXFrameworksBuildPhase;
			buildActionMask = 2147483647;
			files = (
				8B8E1644FF092EF64293F0C9 /* Pods_greaderTests.framework in Frameworks */,
			);
			runOnlyForDeploymentPostprocessing = 0;
		};
		1D29D3E423974A1300477592 /* Frameworks */ = {
			isa = PBXFrameworksBuildPhase;
			buildActionMask = 2147483647;
			files = (
				0A9E555C48EACC531E0EE439 /* Pods_greader_greaderUITests.framework in Frameworks */,
			);
			runOnlyForDeploymentPostprocessing = 0;
		};
/* End PBXFrameworksBuildPhase section */

/* Begin PBXGroup section */
		17FA672A04C02AE085B9A66F /* Pods */ = {
			isa = PBXGroup;
			children = (
				0ECBC4F6C58E6A396A288DE2 /* Pods-greader.debug.xcconfig */,
				EA41A4919E4264B4E1DCDE6D /* Pods-greader.release.xcconfig */,
				CAC240F8E286B171B366BB57 /* Pods-greader-greaderUITests.debug.xcconfig */,
				1EB43E864F15DEF59DE95C10 /* Pods-greader-greaderUITests.release.xcconfig */,
				FF631E5147DDCD195C241B75 /* Pods-greaderTests.debug.xcconfig */,
				36956ABC380E68A78860E298 /* Pods-greaderTests.release.xcconfig */,
			);
			path = Pods;
			sourceTree = "<group>";
		};
		1D29D3B823974A0900477592 = {
			isa = PBXGroup;
			children = (
				1D29D3C323974A0900477592 /* greader */,
				1D29D3DF23974A1300477592 /* greaderTests */,
				1D29D3EA23974A1300477592 /* greaderUITests */,
				1D29D3C223974A0900477592 /* Products */,
				17FA672A04C02AE085B9A66F /* Pods */,
				C3074CA5B569A9FDF1C9E001 /* Frameworks */,
			);
			sourceTree = "<group>";
		};
		1D29D3C223974A0900477592 /* Products */ = {
			isa = PBXGroup;
			children = (
				1D29D3C123974A0900477592 /* G Reader.app */,
				1D29D3DC23974A1300477592 /* greaderTests.xctest */,
				1D29D3E723974A1300477592 /* greaderUITests.xctest */,
			);
			name = Products;
			sourceTree = "<group>";
		};
		1D29D3C323974A0900477592 /* greader */ = {
			isa = PBXGroup;
			children = (
				1D36C74D2397F9EF00671DF3 /* Start */,
				1D36C7502397FBD500671DF3 /* Home */,
				1D36C7532398028700671DF3 /* Search */,
				1D36C758239802B200671DF3 /* Favorites */,
				1D36C76123982FEB00671DF3 /* Resources */,
				1D29D3C423974A0900477592 /* AppDelegate.swift */,
				1D29D3D723974A1200477592 /* Info.plist */,
				1D36C75F23981EB600671DF3 /* Colors.xcassets */,
				1D29D3D223974A1200477592 /* Assets.xcassets */,
			);
			path = greader;
			sourceTree = "<group>";
		};
		1D29D3DF23974A1300477592 /* greaderTests */ = {
			isa = PBXGroup;
			children = (
				1D29D3E023974A1300477592 /* greaderTests.swift */,
				1D29D3E223974A1300477592 /* Info.plist */,
			);
			path = greaderTests;
			sourceTree = "<group>";
		};
		1D29D3EA23974A1300477592 /* greaderUITests */ = {
			isa = PBXGroup;
			children = (
				1D29D3EB23974A1300477592 /* greaderUITests.swift */,
				1D29D3ED23974A1300477592 /* Info.plist */,
			);
			path = greaderUITests;
			sourceTree = "<group>";
		};
		1D36C74D2397F9EF00671DF3 /* Start */ = {
			isa = PBXGroup;
			children = (
				1D29D3D423974A1200477592 /* LaunchScreen.storyboard */,
				1D29D3CC23974A0900477592 /* TabBar.storyboard */,
				1D36C74E2397FA4C00671DF3 /* TabBarViewController.swift */,
			);
			path = Start;
			sourceTree = "<group>";
		};
		1D36C7502397FBD500671DF3 /* Home */ = {
			isa = PBXGroup;
			children = (
				1D36C759239802C600671DF3 /* Main */,
				1D36C75A239802D000671DF3 /* Categories */,
			);
			path = Home;
			sourceTree = "<group>";
		};
		1D36C7532398028700671DF3 /* Search */ = {
			isa = PBXGroup;
			children = (
				1D36C7542398029500671DF3 /* Search.storyboard */,
				1D36C756239802A200671DF3 /* SearchViewController.swift */,
			);
			path = Search;
			sourceTree = "<group>";
		};
		1D36C758239802B200671DF3 /* Favorites */ = {
			isa = PBXGroup;
			children = (
				1D36C75B239802F900671DF3 /* Favorites.storyboard */,
				1D36C75D2398030D00671DF3 /* FavoritesViewController.swift */,
				1D36C7B3239AA36E00671DF3 /* FavoritesPresenter.swift */,
				1D36C7B5239AA4AB00671DF3 /* FavoritesService.swift */,
			);
			path = Favorites;
			sourceTree = "<group>";
		};
		1D36C759239802C600671DF3 /* Main */ = {
			isa = PBXGroup;
			children = (
				1D36C77623983B2800671DF3 /* Cells */,
				1D36C77D2398458B00671DF3 /* Models */,
				1D36C751239800CE00671DF3 /* Home.storyboard */,
				1D29D3C823974A0900477592 /* HomeViewController.swift */,
				1D36C78323996C8E00671DF3 /* HomePresenter.swift */,
				1D36C78523996ED300671DF3 /* HomeService.swift */,
			);
			path = Main;
			sourceTree = "<group>";
		};
		1D36C75A239802D000671DF3 /* Categories */ = {
			isa = PBXGroup;
			children = (
				1D36C7B7239AC51D00671DF3 /* Categories.storyboard */,
				1D36C7B9239AC52E00671DF3 /* CategoriesViewController.swift */,
			);
			path = Categories;
			sourceTree = "<group>";
		};
		1D36C76123982FEB00671DF3 /* Resources */ = {
			isa = PBXGroup;
			children = (
				1D36C780239849E400671DF3 /* Constants */,
				1D36C76223982FF900671DF3 /* Extensions */,
				1D36C7672398351F00671DF3 /* Fonts */,
				1D36C7872399700700671DF3 /* Managers */,
				1D36C78E239A8ED400671DF3 /* Storage */,
			);
			path = Resources;
			sourceTree = "<group>";
		};
		1D36C76223982FF900671DF3 /* Extensions */ = {
			isa = PBXGroup;
			children = (
				1D6B36C423989D130072A91B /* TableViewExtensions.swift */,
				1D6B36C623989D4C0072A91B /* TypeExtensions.swift */,
				1D36C7652398323200671DF3 /* ViewExtensions.swift */,
			);
			path = Extensions;
			sourceTree = "<group>";
		};
		1D36C7672398351F00671DF3 /* Fonts */ = {
			isa = PBXGroup;
			children = (
				1D36C77B2398439F00671DF3 /* Montserrat-Black.ttf */,
				1D36C76D239836F000671DF3 /* Montserrat-Bold.ttf */,
				1D36C76F239836F000671DF3 /* Montserrat-Light.ttf */,
				1D36C76E239836F000671DF3 /* Montserrat-Medium.ttf */,
				1D36C770239836F000671DF3 /* Montserrat-Regular.ttf */,
				1D36C76C2398359C00671DF3 /* Montserrat-Thin.ttf */,
			);
			path = Fonts;
			sourceTree = "<group>";
		};
		1D36C77623983B2800671DF3 /* Cells */ = {
			isa = PBXGroup;
			children = (
				1D6B36BE239881620072A91B /* ArticleCell.xib */,
				1D6B36BA239880AC0072A91B /* ArticleCell.swift */,
				1D36C77723983B4800671DF3 /* CategoryCell.xib */,
				1D36C77923983B8800671DF3 /* CategoryCell.swift */,
			);
			path = Cells;
			sourceTree = "<group>";
		};
		1D36C77D2398458B00671DF3 /* Models */ = {
			isa = PBXGroup;
			children = (
				1D6B36C0239885D90072A91B /* Article.swift */,
				1D36C77E2398459A00671DF3 /* Category.swift */,
			);
			path = Models;
			sourceTree = "<group>";
		};
		1D36C780239849E400671DF3 /* Constants */ = {
			isa = PBXGroup;
			children = (
				1D36C78A2399714700671DF3 /* API.swift */,
				1D6B36C2239888190072A91B /* Colors.swift */,
				1D36C7BB239AC64300671DF3 /* Segues.swift */,
				1D36C7BD239AD5FE00671DF3 /* Fonts.swift */,
			);
			path = Constants;
			sourceTree = "<group>";
		};
		1D36C7872399700700671DF3 /* Managers */ = {
			isa = PBXGroup;
			children = (
				1D36C78C2399872100671DF3 /* Loading.swift */,
				1D36C7882399706D00671DF3 /* ServiceError.swift */,
			);
			path = Managers;
			sourceTree = "<group>";
		};
		1D36C78E239A8ED400671DF3 /* Storage */ = {
			isa = PBXGroup;
			children = (
				1D36C791239A946F00671DF3 /* Entities */,
				1D36C78F239A8EF100671DF3 /* CoreDataManager.swift */,
				1D29D3CF23974A0900477592 /* greader.xcdatamodeld */,
			);
			path = Storage;
			sourceTree = "<group>";
		};
		1D36C791239A946F00671DF3 /* Entities */ = {
			isa = PBXGroup;
			children = (
				1D36C7B1239A99F700671DF3 /* FavoriteEntity.swift */,
			);
			path = Entities;
			sourceTree = "<group>";
		};
		C3074CA5B569A9FDF1C9E001 /* Frameworks */ = {
			isa = PBXGroup;
			children = (
				E35A7FBC1B1F338985A9A8BD /* Pods_greader.framework */,
				6E4BC1A47D92247CCAB0CD6F /* Pods_greader_greaderUITests.framework */,
				3B9FB9E598DDF46A7C095FA1 /* Pods_greaderTests.framework */,
			);
			name = Frameworks;
			sourceTree = "<group>";
		};
/* End PBXGroup section */

/* Begin PBXNativeTarget section */
		1D29D3C023974A0900477592 /* greader */ = {
			isa = PBXNativeTarget;
			buildConfigurationList = 1D29D3F023974A1300477592 /* Build configuration list for PBXNativeTarget "greader" */;
			buildPhases = (
				79C2BF4596844C9DF24C09EF /* [CP] Check Pods Manifest.lock */,
				1D29D3BD23974A0900477592 /* Sources */,
				1D29D3BE23974A0900477592 /* Frameworks */,
				1D29D3BF23974A0900477592 /* Resources */,
				10BF40EBDCCB070D182485CC /* [CP] Embed Pods Frameworks */,
			);
			buildRules = (
			);
			dependencies = (
			);
			name = greader;
			productName = greader;
			productReference = 1D29D3C123974A0900477592 /* G Reader.app */;
			productType = "com.apple.product-type.application";
		};
		1D29D3DB23974A1300477592 /* greaderTests */ = {
			isa = PBXNativeTarget;
			buildConfigurationList = 1D29D3F323974A1300477592 /* Build configuration list for PBXNativeTarget "greaderTests" */;
			buildPhases = (
				5C81C854FADD1E7CDE9B559B /* [CP] Check Pods Manifest.lock */,
				1D29D3D823974A1300477592 /* Sources */,
				1D29D3D923974A1300477592 /* Frameworks */,
				1D29D3DA23974A1300477592 /* Resources */,
			);
			buildRules = (
			);
			dependencies = (
				1D29D3DE23974A1300477592 /* PBXTargetDependency */,
			);
			name = greaderTests;
			productName = greaderTests;
			productReference = 1D29D3DC23974A1300477592 /* greaderTests.xctest */;
			productType = "com.apple.product-type.bundle.unit-test";
		};
		1D29D3E623974A1300477592 /* greaderUITests */ = {
			isa = PBXNativeTarget;
			buildConfigurationList = 1D29D3F623974A1300477592 /* Build configuration list for PBXNativeTarget "greaderUITests" */;
			buildPhases = (
				91DAF18DA3830E6147FF76B6 /* [CP] Check Pods Manifest.lock */,
				1D29D3E323974A1300477592 /* Sources */,
				1D29D3E423974A1300477592 /* Frameworks */,
				1D29D3E523974A1300477592 /* Resources */,
				909112846833AADB81892A49 /* [CP] Embed Pods Frameworks */,
			);
			buildRules = (
			);
			dependencies = (
				1D29D3E923974A1300477592 /* PBXTargetDependency */,
			);
			name = greaderUITests;
			productName = greaderUITests;
			productReference = 1D29D3E723974A1300477592 /* greaderUITests.xctest */;
			productType = "com.apple.product-type.bundle.ui-testing";
		};
/* End PBXNativeTarget section */

/* Begin PBXProject section */
		1D29D3B923974A0900477592 /* Project object */ = {
			isa = PBXProject;
			attributes = {
				LastSwiftUpdateCheck = 1120;
				LastUpgradeCheck = 1120;
				ORGANIZATIONNAME = "Lohan Marques";
				TargetAttributes = {
					1D29D3C023974A0900477592 = {
						CreatedOnToolsVersion = 11.2.1;
					};
					1D29D3DB23974A1300477592 = {
						CreatedOnToolsVersion = 11.2.1;
						TestTargetID = 1D29D3C023974A0900477592;
					};
					1D29D3E623974A1300477592 = {
						CreatedOnToolsVersion = 11.2.1;
						TestTargetID = 1D29D3C023974A0900477592;
					};
				};
			};
			buildConfigurationList = 1D29D3BC23974A0900477592 /* Build configuration list for PBXProject "greader" */;
			compatibilityVersion = "Xcode 9.3";
			developmentRegion = en;
			hasScannedForEncodings = 0;
			knownRegions = (
				en,
				Base,
				"pt-BR",
			);
			mainGroup = 1D29D3B823974A0900477592;
			productRefGroup = 1D29D3C223974A0900477592 /* Products */;
			projectDirPath = "";
			projectRoot = "";
			targets = (
				1D29D3C023974A0900477592 /* greader */,
				1D29D3DB23974A1300477592 /* greaderTests */,
				1D29D3E623974A1300477592 /* greaderUITests */,
			);
		};
/* End PBXProject section */

/* Begin PBXResourcesBuildPhase section */
		1D29D3BF23974A0900477592 /* Resources */ = {
			isa = PBXResourcesBuildPhase;
			buildActionMask = 2147483647;
			files = (
				1D36C773239836F100671DF3 /* Montserrat-Light.ttf in Resources */,
				1D36C77C2398439F00671DF3 /* Montserrat-Black.ttf in Resources */,
				1D36C7B8239AC51D00671DF3 /* Categories.storyboard in Resources */,
				1D36C774239836F100671DF3 /* Montserrat-Regular.ttf in Resources */,
				1D29D3D623974A1200477592 /* LaunchScreen.storyboard in Resources */,
				1D7D726C2399CC8E006C78D9 /* Assets.xcassets in Resources */,
				1D36C77823983B4800671DF3 /* CategoryCell.xib in Resources */,
				1D36C75C239802F900671DF3 /* Favorites.storyboard in Resources */,
				1D29D3CE23974A0900477592 /* TabBar.storyboard in Resources */,
				1D36C771239836F100671DF3 /* Montserrat-Bold.ttf in Resources */,
				1D36C752239800CE00671DF3 /* Home.storyboard in Resources */,
				1D36C7552398029500671DF3 /* Search.storyboard in Resources */,
				1D36C772239836F100671DF3 /* Montserrat-Medium.ttf in Resources */,
				1D36C775239836F900671DF3 /* Montserrat-Thin.ttf in Resources */,
				1D6B36BF239881620072A91B /* ArticleCell.xib in Resources */,
				1D36C76023981EB600671DF3 /* Colors.xcassets in Resources */,
			);
			runOnlyForDeploymentPostprocessing = 0;
		};
		1D29D3DA23974A1300477592 /* Resources */ = {
			isa = PBXResourcesBuildPhase;
			buildActionMask = 2147483647;
			files = (
			);
			runOnlyForDeploymentPostprocessing = 0;
		};
		1D29D3E523974A1300477592 /* Resources */ = {
			isa = PBXResourcesBuildPhase;
			buildActionMask = 2147483647;
			files = (
			);
			runOnlyForDeploymentPostprocessing = 0;
		};
/* End PBXResourcesBuildPhase section */

/* Begin PBXShellScriptBuildPhase section */
		10BF40EBDCCB070D182485CC /* [CP] Embed Pods Frameworks */ = {
			isa = PBXShellScriptBuildPhase;
			buildActionMask = 2147483647;
			files = (
			);
			inputFileListPaths = (
				"${PODS_ROOT}/Target Support Files/Pods-greader/Pods-greader-frameworks-${CONFIGURATION}-input-files.xcfilelist",
			);
			name = "[CP] Embed Pods Frameworks";
			outputFileListPaths = (
				"${PODS_ROOT}/Target Support Files/Pods-greader/Pods-greader-frameworks-${CONFIGURATION}-output-files.xcfilelist",
			);
			runOnlyForDeploymentPostprocessing = 0;
			shellPath = /bin/sh;
			shellScript = "\"${PODS_ROOT}/Target Support Files/Pods-greader/Pods-greader-frameworks.sh\"\n";
			showEnvVarsInLog = 0;
		};
		5C81C854FADD1E7CDE9B559B /* [CP] Check Pods Manifest.lock */ = {
			isa = PBXShellScriptBuildPhase;
			buildActionMask = 2147483647;
			files = (
			);
			inputFileListPaths = (
			);
			inputPaths = (
				"${PODS_PODFILE_DIR_PATH}/Podfile.lock",
				"${PODS_ROOT}/Manifest.lock",
			);
			name = "[CP] Check Pods Manifest.lock";
			outputFileListPaths = (
			);
			outputPaths = (
				"$(DERIVED_FILE_DIR)/Pods-greaderTests-checkManifestLockResult.txt",
			);
			runOnlyForDeploymentPostprocessing = 0;
			shellPath = /bin/sh;
			shellScript = "diff \"${PODS_PODFILE_DIR_PATH}/Podfile.lock\" \"${PODS_ROOT}/Manifest.lock\" > /dev/null\nif [ $? != 0 ] ; then\n    # print error to STDERR\n    echo \"error: The sandbox is not in sync with the Podfile.lock. Run 'pod install' or update your CocoaPods installation.\" >&2\n    exit 1\nfi\n# This output is used by Xcode 'outputs' to avoid re-running this script phase.\necho \"SUCCESS\" > \"${SCRIPT_OUTPUT_FILE_0}\"\n";
			showEnvVarsInLog = 0;
		};
		79C2BF4596844C9DF24C09EF /* [CP] Check Pods Manifest.lock */ = {
			isa = PBXShellScriptBuildPhase;
			buildActionMask = 2147483647;
			files = (
			);
			inputFileListPaths = (
			);
			inputPaths = (
				"${PODS_PODFILE_DIR_PATH}/Podfile.lock",
				"${PODS_ROOT}/Manifest.lock",
			);
			name = "[CP] Check Pods Manifest.lock";
			outputFileListPaths = (
			);
			outputPaths = (
				"$(DERIVED_FILE_DIR)/Pods-greader-checkManifestLockResult.txt",
			);
			runOnlyForDeploymentPostprocessing = 0;
			shellPath = /bin/sh;
			shellScript = "diff \"${PODS_PODFILE_DIR_PATH}/Podfile.lock\" \"${PODS_ROOT}/Manifest.lock\" > /dev/null\nif [ $? != 0 ] ; then\n    # print error to STDERR\n    echo \"error: The sandbox is not in sync with the Podfile.lock. Run 'pod install' or update your CocoaPods installation.\" >&2\n    exit 1\nfi\n# This output is used by Xcode 'outputs' to avoid re-running this script phase.\necho \"SUCCESS\" > \"${SCRIPT_OUTPUT_FILE_0}\"\n";
			showEnvVarsInLog = 0;
		};
		909112846833AADB81892A49 /* [CP] Embed Pods Frameworks */ = {
			isa = PBXShellScriptBuildPhase;
			buildActionMask = 2147483647;
			files = (
			);
			inputFileListPaths = (
				"${PODS_ROOT}/Target Support Files/Pods-greader-greaderUITests/Pods-greader-greaderUITests-frameworks-${CONFIGURATION}-input-files.xcfilelist",
			);
			name = "[CP] Embed Pods Frameworks";
			outputFileListPaths = (
				"${PODS_ROOT}/Target Support Files/Pods-greader-greaderUITests/Pods-greader-greaderUITests-frameworks-${CONFIGURATION}-output-files.xcfilelist",
			);
			runOnlyForDeploymentPostprocessing = 0;
			shellPath = /bin/sh;
			shellScript = "\"${PODS_ROOT}/Target Support Files/Pods-greader-greaderUITests/Pods-greader-greaderUITests-frameworks.sh\"\n";
			showEnvVarsInLog = 0;
		};
		91DAF18DA3830E6147FF76B6 /* [CP] Check Pods Manifest.lock */ = {
			isa = PBXShellScriptBuildPhase;
			buildActionMask = 2147483647;
			files = (
			);
			inputFileListPaths = (
			);
			inputPaths = (
				"${PODS_PODFILE_DIR_PATH}/Podfile.lock",
				"${PODS_ROOT}/Manifest.lock",
			);
			name = "[CP] Check Pods Manifest.lock";
			outputFileListPaths = (
			);
			outputPaths = (
				"$(DERIVED_FILE_DIR)/Pods-greader-greaderUITests-checkManifestLockResult.txt",
			);
			runOnlyForDeploymentPostprocessing = 0;
			shellPath = /bin/sh;
			shellScript = "diff \"${PODS_PODFILE_DIR_PATH}/Podfile.lock\" \"${PODS_ROOT}/Manifest.lock\" > /dev/null\nif [ $? != 0 ] ; then\n    # print error to STDERR\n    echo \"error: The sandbox is not in sync with the Podfile.lock. Run 'pod install' or update your CocoaPods installation.\" >&2\n    exit 1\nfi\n# This output is used by Xcode 'outputs' to avoid re-running this script phase.\necho \"SUCCESS\" > \"${SCRIPT_OUTPUT_FILE_0}\"\n";
			showEnvVarsInLog = 0;
		};
/* End PBXShellScriptBuildPhase section */

/* Begin PBXSourcesBuildPhase section */
		1D29D3BD23974A0900477592 /* Sources */ = {
			isa = PBXSourcesBuildPhase;
			buildActionMask = 2147483647;
			files = (
				1D36C757239802A200671DF3 /* SearchViewController.swift in Sources */,
				1D36C7662398323200671DF3 /* ViewExtensions.swift in Sources */,
				1D36C7BE239AD5FE00671DF3 /* Fonts.swift in Sources */,
				1D36C78D2399872100671DF3 /* Loading.swift in Sources */,
				1D29D3D123974A0900477592 /* greader.xcdatamodeld in Sources */,
				1D36C78423996C8E00671DF3 /* HomePresenter.swift in Sources */,
				1D36C77A23983B8900671DF3 /* CategoryCell.swift in Sources */,
				1D29D3C923974A0900477592 /* HomeViewController.swift in Sources */,
				1D36C7BC239AC64300671DF3 /* Segues.swift in Sources */,
				1D36C78623996ED300671DF3 /* HomeService.swift in Sources */,
				1D6B36C723989D4C0072A91B /* TypeExtensions.swift in Sources */,
				1D36C7892399706D00671DF3 /* ServiceError.swift in Sources */,
				1D36C77F2398459A00671DF3 /* Category.swift in Sources */,
				1D36C74F2397FA4C00671DF3 /* TabBarViewController.swift in Sources */,
				1D36C75E2398030D00671DF3 /* FavoritesViewController.swift in Sources */,
				1D36C7B2239A99F700671DF3 /* FavoriteEntity.swift in Sources */,
				1D36C7BA239AC52E00671DF3 /* CategoriesViewController.swift in Sources */,
				1D36C7B4239AA36E00671DF3 /* FavoritesPresenter.swift in Sources */,
				1D6B36C3239888190072A91B /* Colors.swift in Sources */,
				1D6B36C1239885D90072A91B /* Article.swift in Sources */,
				1D29D3C523974A0900477592 /* AppDelegate.swift in Sources */,
				1D36C7B6239AA4AB00671DF3 /* FavoritesService.swift in Sources */,
				1D6B36BB239880AD0072A91B /* ArticleCell.swift in Sources */,
				1D36C78B2399714700671DF3 /* API.swift in Sources */,
				1D36C790239A8EF100671DF3 /* CoreDataManager.swift in Sources */,
				1D6B36C523989D130072A91B /* TableViewExtensions.swift in Sources */,
			);
			runOnlyForDeploymentPostprocessing = 0;
		};
		1D29D3D823974A1300477592 /* Sources */ = {
			isa = PBXSourcesBuildPhase;
			buildActionMask = 2147483647;
			files = (
				1D29D3E123974A1300477592 /* greaderTests.swift in Sources */,
			);
			runOnlyForDeploymentPostprocessing = 0;
		};
		1D29D3E323974A1300477592 /* Sources */ = {
			isa = PBXSourcesBuildPhase;
			buildActionMask = 2147483647;
			files = (
				1D29D3EC23974A1300477592 /* greaderUITests.swift in Sources */,
			);
			runOnlyForDeploymentPostprocessing = 0;
		};
/* End PBXSourcesBuildPhase section */

/* Begin PBXTargetDependency section */
		1D29D3DE23974A1300477592 /* PBXTargetDependency */ = {
			isa = PBXTargetDependency;
			target = 1D29D3C023974A0900477592 /* greader */;
			targetProxy = 1D29D3DD23974A1300477592 /* PBXContainerItemProxy */;
		};
		1D29D3E923974A1300477592 /* PBXTargetDependency */ = {
			isa = PBXTargetDependency;
			target = 1D29D3C023974A0900477592 /* greader */;
			targetProxy = 1D29D3E823974A1300477592 /* PBXContainerItemProxy */;
		};
/* End PBXTargetDependency section */

/* Begin PBXVariantGroup section */
		1D29D3CC23974A0900477592 /* TabBar.storyboard */ = {
			isa = PBXVariantGroup;
			children = (
				1D29D3CD23974A0900477592 /* Base */,
				1D7E286D239C7FCD00E90C7A /* pt-BR */,
			);
			name = TabBar.storyboard;
			sourceTree = "<group>";
		};
		1D29D3D423974A1200477592 /* LaunchScreen.storyboard */ = {
			isa = PBXVariantGroup;
			children = (
				1D29D3D523974A1200477592 /* Base */,
				1D7E286C239C7FCC00E90C7A /* pt-BR */,
			);
			name = LaunchScreen.storyboard;
			sourceTree = "<group>";
		};
/* End PBXVariantGroup section */

/* Begin XCBuildConfiguration section */
		1D29D3EE23974A1300477592 /* Debug */ = {
			isa = XCBuildConfiguration;
			buildSettings = {
				ALWAYS_SEARCH_USER_PATHS = NO;
				CLANG_ANALYZER_LOCALIZABILITY_NONLOCALIZED = YES;
				CLANG_ANALYZER_NONNULL = YES;
				CLANG_ANALYZER_NUMBER_OBJECT_CONVERSION = YES_AGGRESSIVE;
				CLANG_CXX_LANGUAGE_STANDARD = "gnu++14";
				CLANG_CXX_LIBRARY = "libc++";
				CLANG_ENABLE_MODULES = YES;
				CLANG_ENABLE_OBJC_ARC = YES;
				CLANG_ENABLE_OBJC_WEAK = YES;
				CLANG_WARN_BLOCK_CAPTURE_AUTORELEASING = YES;
				CLANG_WARN_BOOL_CONVERSION = YES;
				CLANG_WARN_COMMA = YES;
				CLANG_WARN_CONSTANT_CONVERSION = YES;
				CLANG_WARN_DEPRECATED_OBJC_IMPLEMENTATIONS = YES;
				CLANG_WARN_DIRECT_OBJC_ISA_USAGE = YES_ERROR;
				CLANG_WARN_DOCUMENTATION_COMMENTS = YES;
				CLANG_WARN_EMPTY_BODY = YES;
				CLANG_WARN_ENUM_CONVERSION = YES;
				CLANG_WARN_INFINITE_RECURSION = YES;
				CLANG_WARN_INT_CONVERSION = YES;
				CLANG_WARN_NON_LITERAL_NULL_CONVERSION = YES;
				CLANG_WARN_OBJC_IMPLICIT_RETAIN_SELF = YES;
				CLANG_WARN_OBJC_LITERAL_CONVERSION = YES;
				CLANG_WARN_OBJC_ROOT_CLASS = YES_ERROR;
				CLANG_WARN_RANGE_LOOP_ANALYSIS = YES;
				CLANG_WARN_STRICT_PROTOTYPES = YES;
				CLANG_WARN_SUSPICIOUS_MOVE = YES;
				CLANG_WARN_UNGUARDED_AVAILABILITY = YES_AGGRESSIVE;
				CLANG_WARN_UNREACHABLE_CODE = YES;
				CLANG_WARN__DUPLICATE_METHOD_MATCH = YES;
				COPY_PHASE_STRIP = NO;
				DEBUG_INFORMATION_FORMAT = dwarf;
				ENABLE_STRICT_OBJC_MSGSEND = YES;
				ENABLE_TESTABILITY = YES;
				GCC_C_LANGUAGE_STANDARD = gnu11;
				GCC_DYNAMIC_NO_PIC = NO;
				GCC_NO_COMMON_BLOCKS = YES;
				GCC_OPTIMIZATION_LEVEL = 0;
				GCC_PREPROCESSOR_DEFINITIONS = (
					"DEBUG=1",
					"$(inherited)",
				);
				GCC_WARN_64_TO_32_BIT_CONVERSION = YES;
				GCC_WARN_ABOUT_RETURN_TYPE = YES_ERROR;
				GCC_WARN_UNDECLARED_SELECTOR = YES;
				GCC_WARN_UNINITIALIZED_AUTOS = YES_AGGRESSIVE;
				GCC_WARN_UNUSED_FUNCTION = YES;
				GCC_WARN_UNUSED_VARIABLE = YES;
				IPHONEOS_DEPLOYMENT_TARGET = 13.2;
				MTL_ENABLE_DEBUG_INFO = INCLUDE_SOURCE;
				MTL_FAST_MATH = YES;
				ONLY_ACTIVE_ARCH = YES;
				SDKROOT = iphoneos;
				SWIFT_ACTIVE_COMPILATION_CONDITIONS = DEBUG;
				SWIFT_OPTIMIZATION_LEVEL = "-Onone";
			};
			name = Debug;
		};
		1D29D3EF23974A1300477592 /* Release */ = {
			isa = XCBuildConfiguration;
			buildSettings = {
				ALWAYS_SEARCH_USER_PATHS = NO;
				CLANG_ANALYZER_LOCALIZABILITY_NONLOCALIZED = YES;
				CLANG_ANALYZER_NONNULL = YES;
				CLANG_ANALYZER_NUMBER_OBJECT_CONVERSION = YES_AGGRESSIVE;
				CLANG_CXX_LANGUAGE_STANDARD = "gnu++14";
				CLANG_CXX_LIBRARY = "libc++";
				CLANG_ENABLE_MODULES = YES;
				CLANG_ENABLE_OBJC_ARC = YES;
				CLANG_ENABLE_OBJC_WEAK = YES;
				CLANG_WARN_BLOCK_CAPTURE_AUTORELEASING = YES;
				CLANG_WARN_BOOL_CONVERSION = YES;
				CLANG_WARN_COMMA = YES;
				CLANG_WARN_CONSTANT_CONVERSION = YES;
				CLANG_WARN_DEPRECATED_OBJC_IMPLEMENTATIONS = YES;
				CLANG_WARN_DIRECT_OBJC_ISA_USAGE = YES_ERROR;
				CLANG_WARN_DOCUMENTATION_COMMENTS = YES;
				CLANG_WARN_EMPTY_BODY = YES;
				CLANG_WARN_ENUM_CONVERSION = YES;
				CLANG_WARN_INFINITE_RECURSION = YES;
				CLANG_WARN_INT_CONVERSION = YES;
				CLANG_WARN_NON_LITERAL_NULL_CONVERSION = YES;
				CLANG_WARN_OBJC_IMPLICIT_RETAIN_SELF = YES;
				CLANG_WARN_OBJC_LITERAL_CONVERSION = YES;
				CLANG_WARN_OBJC_ROOT_CLASS = YES_ERROR;
				CLANG_WARN_RANGE_LOOP_ANALYSIS = YES;
				CLANG_WARN_STRICT_PROTOTYPES = YES;
				CLANG_WARN_SUSPICIOUS_MOVE = YES;
				CLANG_WARN_UNGUARDED_AVAILABILITY = YES_AGGRESSIVE;
				CLANG_WARN_UNREACHABLE_CODE = YES;
				CLANG_WARN__DUPLICATE_METHOD_MATCH = YES;
				COPY_PHASE_STRIP = NO;
				DEBUG_INFORMATION_FORMAT = "dwarf-with-dsym";
				ENABLE_NS_ASSERTIONS = NO;
				ENABLE_STRICT_OBJC_MSGSEND = YES;
				GCC_C_LANGUAGE_STANDARD = gnu11;
				GCC_NO_COMMON_BLOCKS = YES;
				GCC_WARN_64_TO_32_BIT_CONVERSION = YES;
				GCC_WARN_ABOUT_RETURN_TYPE = YES_ERROR;
				GCC_WARN_UNDECLARED_SELECTOR = YES;
				GCC_WARN_UNINITIALIZED_AUTOS = YES_AGGRESSIVE;
				GCC_WARN_UNUSED_FUNCTION = YES;
				GCC_WARN_UNUSED_VARIABLE = YES;
				IPHONEOS_DEPLOYMENT_TARGET = 13.2;
				MTL_ENABLE_DEBUG_INFO = NO;
				MTL_FAST_MATH = YES;
				SDKROOT = iphoneos;
				SWIFT_COMPILATION_MODE = wholemodule;
				SWIFT_OPTIMIZATION_LEVEL = "-O";
				VALIDATE_PRODUCT = YES;
			};
			name = Release;
		};
		1D29D3F123974A1300477592 /* Debug */ = {
			isa = XCBuildConfiguration;
			baseConfigurationReference = 0ECBC4F6C58E6A396A288DE2 /* Pods-greader.debug.xcconfig */;
			buildSettings = {
				ASSETCATALOG_COMPILER_APPICON_NAME = AppIcon;
				CODE_SIGN_STYLE = Automatic;
				DEVELOPMENT_TEAM = PND684FS69;
				INFOPLIST_FILE = greader/Info.plist;
				IPHONEOS_DEPLOYMENT_TARGET = 11.0;
				LD_RUNPATH_SEARCH_PATHS = (
					"$(inherited)",
					"@executable_path/Frameworks",
				);
				PRODUCT_BUNDLE_IDENTIFIER = br.com.marqsan.greader;
				PRODUCT_NAME = "G Reader";
				SWIFT_VERSION = 5.0;
				TARGETED_DEVICE_FAMILY = "1,2";
			};
			name = Debug;
		};
		1D29D3F223974A1300477592 /* Release */ = {
			isa = XCBuildConfiguration;
			baseConfigurationReference = EA41A4919E4264B4E1DCDE6D /* Pods-greader.release.xcconfig */;
			buildSettings = {
				ASSETCATALOG_COMPILER_APPICON_NAME = AppIcon;
				CODE_SIGN_STYLE = Automatic;
				DEVELOPMENT_TEAM = PND684FS69;
				INFOPLIST_FILE = greader/Info.plist;
				IPHONEOS_DEPLOYMENT_TARGET = 11.0;
				LD_RUNPATH_SEARCH_PATHS = (
					"$(inherited)",
					"@executable_path/Frameworks",
				);
				PRODUCT_BUNDLE_IDENTIFIER = br.com.marqsan.greader;
				PRODUCT_NAME = "G Reader";
				SWIFT_VERSION = 5.0;
				TARGETED_DEVICE_FAMILY = "1,2";
			};
			name = Release;
		};
		1D29D3F423974A1300477592 /* Debug */ = {
			isa = XCBuildConfiguration;
			baseConfigurationReference = FF631E5147DDCD195C241B75 /* Pods-greaderTests.debug.xcconfig */;
			buildSettings = {
				ALWAYS_EMBED_SWIFT_STANDARD_LIBRARIES = YES;
				BUNDLE_LOADER = "$(TEST_HOST)";
				CODE_SIGN_STYLE = Automatic;
				DEVELOPMENT_TEAM = PND684FS69;
				INFOPLIST_FILE = greaderTests/Info.plist;
				IPHONEOS_DEPLOYMENT_TARGET = 13.2;
				LD_RUNPATH_SEARCH_PATHS = (
					"$(inherited)",
					"@executable_path/Frameworks",
					"@loader_path/Frameworks",
				);
				PRODUCT_BUNDLE_IDENTIFIER = br.com.marqsan.greaderTests;
				PRODUCT_NAME = "$(TARGET_NAME)";
				SWIFT_VERSION = 5.0;
				TARGETED_DEVICE_FAMILY = "1,2";
				TEST_HOST = "$(BUILT_PRODUCTS_DIR)/greader.app/greader";
			};
			name = Debug;
		};
		1D29D3F523974A1300477592 /* Release */ = {
			isa = XCBuildConfiguration;
			baseConfigurationReference = 36956ABC380E68A78860E298 /* Pods-greaderTests.release.xcconfig */;
			buildSettings = {
				ALWAYS_EMBED_SWIFT_STANDARD_LIBRARIES = YES;
				BUNDLE_LOADER = "$(TEST_HOST)";
				CODE_SIGN_STYLE = Automatic;
				DEVELOPMENT_TEAM = PND684FS69;
				INFOPLIST_FILE = greaderTests/Info.plist;
				IPHONEOS_DEPLOYMENT_TARGET = 13.2;
				LD_RUNPATH_SEARCH_PATHS = (
					"$(inherited)",
					"@executable_path/Frameworks",
					"@loader_path/Frameworks",
				);
				PRODUCT_BUNDLE_IDENTIFIER = br.com.marqsan.greaderTests;
				PRODUCT_NAME = "$(TARGET_NAME)";
				SWIFT_VERSION = 5.0;
				TARGETED_DEVICE_FAMILY = "1,2";
				TEST_HOST = "$(BUILT_PRODUCTS_DIR)/greader.app/greader";
			};
			name = Release;
		};
		1D29D3F723974A1300477592 /* Debug */ = {
			isa = XCBuildConfiguration;
			baseConfigurationReference = CAC240F8E286B171B366BB57 /* Pods-greader-greaderUITests.debug.xcconfig */;
			buildSettings = {
				ALWAYS_EMBED_SWIFT_STANDARD_LIBRARIES = YES;
				CODE_SIGN_STYLE = Automatic;
				DEVELOPMENT_TEAM = PND684FS69;
				INFOPLIST_FILE = greaderUITests/Info.plist;
				LD_RUNPATH_SEARCH_PATHS = (
					"$(inherited)",
					"@executable_path/Frameworks",
					"@loader_path/Frameworks",
				);
				PRODUCT_BUNDLE_IDENTIFIER = br.com.marqsan.greaderUITests;
				PRODUCT_NAME = "$(TARGET_NAME)";
				SWIFT_VERSION = 5.0;
				TARGETED_DEVICE_FAMILY = "1,2";
				TEST_TARGET_NAME = greader;
			};
			name = Debug;
		};
		1D29D3F823974A1300477592 /* Release */ = {
			isa = XCBuildConfiguration;
			baseConfigurationReference = 1EB43E864F15DEF59DE95C10 /* Pods-greader-greaderUITests.release.xcconfig */;
			buildSettings = {
				ALWAYS_EMBED_SWIFT_STANDARD_LIBRARIES = YES;
				CODE_SIGN_STYLE = Automatic;
				DEVELOPMENT_TEAM = PND684FS69;
				INFOPLIST_FILE = greaderUITests/Info.plist;
				LD_RUNPATH_SEARCH_PATHS = (
					"$(inherited)",
					"@executable_path/Frameworks",
					"@loader_path/Frameworks",
				);
				PRODUCT_BUNDLE_IDENTIFIER = br.com.marqsan.greaderUITests;
				PRODUCT_NAME = "$(TARGET_NAME)";
				SWIFT_VERSION = 5.0;
				TARGETED_DEVICE_FAMILY = "1,2";
				TEST_TARGET_NAME = greader;
			};
			name = Release;
		};
/* End XCBuildConfiguration section */

/* Begin XCConfigurationList section */
		1D29D3BC23974A0900477592 /* Build configuration list for PBXProject "greader" */ = {
			isa = XCConfigurationList;
			buildConfigurations = (
				1D29D3EE23974A1300477592 /* Debug */,
				1D29D3EF23974A1300477592 /* Release */,
			);
			defaultConfigurationIsVisible = 0;
			defaultConfigurationName = Release;
		};
		1D29D3F023974A1300477592 /* Build configuration list for PBXNativeTarget "greader" */ = {
			isa = XCConfigurationList;
			buildConfigurations = (
				1D29D3F123974A1300477592 /* Debug */,
				1D29D3F223974A1300477592 /* Release */,
			);
			defaultConfigurationIsVisible = 0;
			defaultConfigurationName = Release;
		};
		1D29D3F323974A1300477592 /* Build configuration list for PBXNativeTarget "greaderTests" */ = {
			isa = XCConfigurationList;
			buildConfigurations = (
				1D29D3F423974A1300477592 /* Debug */,
				1D29D3F523974A1300477592 /* Release */,
			);
			defaultConfigurationIsVisible = 0;
			defaultConfigurationName = Release;
		};
		1D29D3F623974A1300477592 /* Build configuration list for PBXNativeTarget "greaderUITests" */ = {
			isa = XCConfigurationList;
			buildConfigurations = (
				1D29D3F723974A1300477592 /* Debug */,
				1D29D3F823974A1300477592 /* Release */,
			);
			defaultConfigurationIsVisible = 0;
			defaultConfigurationName = Release;
		};
/* End XCConfigurationList section */

/* Begin XCVersionGroup section */
		1D29D3CF23974A0900477592 /* greader.xcdatamodeld */ = {
			isa = XCVersionGroup;
			children = (
				1D29D3D023974A0900477592 /* greader.xcdatamodel */,
			);
			currentVersion = 1D29D3D023974A0900477592 /* greader.xcdatamodel */;
			path = greader.xcdatamodeld;
			sourceTree = "<group>";
			versionGroupType = wrapper.xcdatamodel;
		};
/* End XCVersionGroup section */
	};
	rootObject = 1D29D3B923974A0900477592 /* Project object */;
}
