// !$*UTF8*$!
{
	archiveVersion = 1;
	classes = {
	};
	objectVersion = 50;
	objects = {

/* Begin PBXBuildFile section */
		1D29D3C523974A0900477592 /* AppDelegate.swift in Sources */ = {isa = PBXBuildFile; fileRef = 1D29D3C423974A0900477592 /* AppDelegate.swift */; };
		1D29D3C923974A0900477592 /* HomeViewController.swift in Sources */ = {isa = PBXBuildFile; fileRef = 1D29D3C823974A0900477592 /* HomeViewController.swift */; };
		1D29D3CE23974A0900477592 /* TabBar.storyboard in Resources */ = {isa = PBXBuildFile; fileRef = 1D29D3CC23974A0900477592 /* TabBar.storyboard */; };
		1D29D3D123974A0900477592 /* greader.xcdatamodeld in Sources */ = {isa = PBXBuildFile; fileRef = 1D29D3CF23974A0900477592 /* greader.xcdatamodeld */; };
		1D29D3D323974A1200477592 /* Assets.xcassets in Resources */ = {isa = PBXBuildFile; fileRef = 1D29D3D223974A1200477592 /* Assets.xcassets */; };
		1D29D3D623974A1200477592 /* LaunchScreen.storyboard in Resources */ = {isa = PBXBuildFile; fileRef = 1D29D3D423974A1200477592 /* LaunchScreen.storyboard */; };
		1D29D3E123974A1300477592 /* greaderTests.swift in Sources */ = {isa = PBXBuildFile; fileRef = 1D29D3E023974A1300477592 /* greaderTests.swift */; };
		1D29D3EC23974A1300477592 /* greaderUITests.swift in Sources */ = {isa = PBXBuildFile; fileRef = 1D29D3EB23974A1300477592 /* greaderUITests.swift */; };
		1D36C74F2397FA4C00671DF3 /* TabBarViewController.swift in Sources */ = {isa = PBXBuildFile; fileRef = 1D36C74E2397FA4C00671DF3 /* TabBarViewController.swift */; };
		1D36C752239800CE00671DF3 /* Home.storyboard in Resources */ = {isa = PBXBuildFile; fileRef = 1D36C751239800CE00671DF3 /* Home.storyboard */; };
		1D36C7552398029500671DF3 /* Search.storyboard in Resources */ = {isa = PBXBuildFile; fileRef = 1D36C7542398029500671DF3 /* Search.storyboard */; };
		1D36C757239802A200671DF3 /* SearchViewController.swift in Sources */ = {isa = PBXBuildFile; fileRef = 1D36C756239802A200671DF3 /* SearchViewController.swift */; };
		1D36C75C239802F900671DF3 /* Favorites.storyboard in Resources */ = {isa = PBXBuildFile; fileRef = 1D36C75B239802F900671DF3 /* Favorites.storyboard */; };
		1D36C75E2398030D00671DF3 /* FavoritesViewController.swift in Sources */ = {isa = PBXBuildFile; fileRef = 1D36C75D2398030D00671DF3 /* FavoritesViewController.swift */; };
		1D36C76023981EB600671DF3 /* Colors.xcassets in Resources */ = {isa = PBXBuildFile; fileRef = 1D36C75F23981EB600671DF3 /* Colors.xcassets */; };
		1D36C7662398323200671DF3 /* ViewExtensions.swift in Sources */ = {isa = PBXBuildFile; fileRef = 1D36C7652398323200671DF3 /* ViewExtensions.swift */; };
		1D36C771239836F100671DF3 /* Montserrat-Bold.ttf in Resources */ = {isa = PBXBuildFile; fileRef = 1D36C76D239836F000671DF3 /* Montserrat-Bold.ttf */; };
		1D36C772239836F100671DF3 /* Montserrat-Medium.ttf in Resources */ = {isa = PBXBuildFile; fileRef = 1D36C76E239836F000671DF3 /* Montserrat-Medium.ttf */; };
		1D36C773239836F100671DF3 /* Montserrat-Light.ttf in Resources */ = {isa = PBXBuildFile; fileRef = 1D36C76F239836F000671DF3 /* Montserrat-Light.ttf */; };
		1D36C774239836F100671DF3 /* Montserrat-Regular.ttf in Resources */ = {isa = PBXBuildFile; fileRef = 1D36C770239836F000671DF3 /* Montserrat-Regular.ttf */; };
		1D36C775239836F900671DF3 /* Montserrat-Thin.ttf in Resources */ = {isa = PBXBuildFile; fileRef = 1D36C76C2398359C00671DF3 /* Montserrat-Thin.ttf */; };
		1D36C77823983B4800671DF3 /* CategoryCell.xib in Resources */ = {isa = PBXBuildFile; fileRef = 1D36C77723983B4800671DF3 /* CategoryCell.xib */; };
		1D36C77A23983B8900671DF3 /* CategoryCell.swift in Sources */ = {isa = PBXBuildFile; fileRef = 1D36C77923983B8800671DF3 /* CategoryCell.swift */; };
		1D36C77C2398439F00671DF3 /* Montserrat-Black.ttf in Resources */ = {isa = PBXBuildFile; fileRef = 1D36C77B2398439F00671DF3 /* Montserrat-Black.ttf */; };
		1D36C77F2398459A00671DF3 /* Category.swift in Sources */ = {isa = PBXBuildFile; fileRef = 1D36C77E2398459A00671DF3 /* Category.swift */; };
		1D6B36BB239880AD0072A91B /* ArticleCell.swift in Sources */ = {isa = PBXBuildFile; fileRef = 1D6B36BA239880AC0072A91B /* ArticleCell.swift */; };
		1D6B36BF239881620072A91B /* ArticleCell.xib in Resources */ = {isa = PBXBuildFile; fileRef = 1D6B36BE239881620072A91B /* ArticleCell.xib */; };
		1D6B36C1239885D90072A91B /* Article.swift in Sources */ = {isa = PBXBuildFile; fileRef = 1D6B36C0239885D90072A91B /* Article.swift */; };
		1D6B36C3239888190072A91B /* Colors.swift in Sources */ = {isa = PBXBuildFile; fileRef = 1D6B36C2239888190072A91B /* Colors.swift */; };
		1D6B36C523989D130072A91B /* TableViewExtensions.swift in Sources */ = {isa = PBXBuildFile; fileRef = 1D6B36C423989D130072A91B /* TableViewExtensions.swift */; };
		1D6B36C723989D4C0072A91B /* TypeExtensions.swift in Sources */ = {isa = PBXBuildFile; fileRef = 1D6B36C623989D4C0072A91B /* TypeExtensions.swift */; };
/* End PBXBuildFile section */

/* Begin PBXContainerItemProxy section */
		1D29D3DD23974A1300477592 /* PBXContainerItemProxy */ = {
			isa = PBXContainerItemProxy;
			containerPortal = 1D29D3B923974A0900477592 /* Project object */;
			proxyType = 1;
			remoteGlobalIDString = 1D29D3C023974A0900477592;
			remoteInfo = greader;
		};
		1D29D3E823974A1300477592 /* PBXContainerItemProxy */ = {
			isa = PBXContainerItemProxy;
			containerPortal = 1D29D3B923974A0900477592 /* Project object */;
			proxyType = 1;
			remoteGlobalIDString = 1D29D3C023974A0900477592;
			remoteInfo = greader;
		};
/* End PBXContainerItemProxy section */

/* Begin PBXFileReference section */
		1D29D3C123974A0900477592 /* G Reader.app */ = {isa = PBXFileReference; explicitFileType = wrapper.application; includeInIndex = 0; path = "G Reader.app"; sourceTree = BUILT_PRODUCTS_DIR; };
		1D29D3C423974A0900477592 /* AppDelegate.swift */ = {isa = PBXFileReference; lastKnownFileType = sourcecode.swift; path = AppDelegate.swift; sourceTree = "<group>"; };
		1D29D3C823974A0900477592 /* HomeViewController.swift */ = {isa = PBXFileReference; lastKnownFileType = sourcecode.swift; path = HomeViewController.swift; sourceTree = "<group>"; };
		1D29D3CD23974A0900477592 /* Base */ = {isa = PBXFileReference; lastKnownFileType = file.storyboard; name = Base; path = Base.lproj/TabBar.storyboard; sourceTree = "<group>"; };
		1D29D3D023974A0900477592 /* greader.xcdatamodel */ = {isa = PBXFileReference; lastKnownFileType = wrapper.xcdatamodel; path = greader.xcdatamodel; sourceTree = "<group>"; };
		1D29D3D223974A1200477592 /* Assets.xcassets */ = {isa = PBXFileReference; lastKnownFileType = folder.assetcatalog; path = Assets.xcassets; sourceTree = "<group>"; };
		1D29D3D523974A1200477592 /* Base */ = {isa = PBXFileReference; lastKnownFileType = file.storyboard; name = Base; path = Base.lproj/LaunchScreen.storyboard; sourceTree = "<group>"; };
		1D29D3D723974A1200477592 /* Info.plist */ = {isa = PBXFileReference; lastKnownFileType = text.plist.xml; path = Info.plist; sourceTree = "<group>"; };
		1D29D3DC23974A1300477592 /* greaderTests.xctest */ = {isa = PBXFileReference; explicitFileType = wrapper.cfbundle; includeInIndex = 0; path = greaderTests.xctest; sourceTree = BUILT_PRODUCTS_DIR; };
		1D29D3E023974A1300477592 /* greaderTests.swift */ = {isa = PBXFileReference; lastKnownFileType = sourcecode.swift; path = greaderTests.swift; sourceTree = "<group>"; };
		1D29D3E223974A1300477592 /* Info.plist */ = {isa = PBXFileReference; lastKnownFileType = text.plist.xml; path = Info.plist; sourceTree = "<group>"; };
		1D29D3E723974A1300477592 /* greaderUITests.xctest */ = {isa = PBXFileReference; explicitFileType = wrapper.cfbundle; includeInIndex = 0; path = greaderUITests.xctest; sourceTree = BUILT_PRODUCTS_DIR; };
		1D29D3EB23974A1300477592 /* greaderUITests.swift */ = {isa = PBXFileReference; lastKnownFileType = sourcecode.swift; path = greaderUITests.swift; sourceTree = "<group>"; };
		1D29D3ED23974A1300477592 /* Info.plist */ = {isa = PBXFileReference; lastKnownFileType = text.plist.xml; path = Info.plist; sourceTree = "<group>"; };
		1D36C74E2397FA4C00671DF3 /* TabBarViewController.swift */ = {isa = PBXFileReference; lastKnownFileType = sourcecode.swift; path = TabBarViewController.swift; sourceTree = "<group>"; };
		1D36C751239800CE00671DF3 /* Home.storyboard */ = {isa = PBXFileReference; lastKnownFileType = file.storyboard; path = Home.storyboard; sourceTree = "<group>"; };
		1D36C7542398029500671DF3 /* Search.storyboard */ = {isa = PBXFileReference; lastKnownFileType = file.storyboard; path = Search.storyboard; sourceTree = "<group>"; };
		1D36C756239802A200671DF3 /* SearchViewController.swift */ = {isa = PBXFileReference; lastKnownFileType = sourcecode.swift; path = SearchViewController.swift; sourceTree = "<group>"; };
		1D36C75B239802F900671DF3 /* Favorites.storyboard */ = {isa = PBXFileReference; lastKnownFileType = file.storyboard; path = Favorites.storyboard; sourceTree = "<group>"; };
		1D36C75D2398030D00671DF3 /* FavoritesViewController.swift */ = {isa = PBXFileReference; lastKnownFileType = sourcecode.swift; path = FavoritesViewController.swift; sourceTree = "<group>"; };
		1D36C75F23981EB600671DF3 /* Colors.xcassets */ = {isa = PBXFileReference; lastKnownFileType = folder.assetcatalog; path = Colors.xcassets; sourceTree = "<group>"; };
		1D36C7652398323200671DF3 /* ViewExtensions.swift */ = {isa = PBXFileReference; lastKnownFileType = sourcecode.swift; path = ViewExtensions.swift; sourceTree = "<group>"; };
		1D36C76C2398359C00671DF3 /* Montserrat-Thin.ttf */ = {isa = PBXFileReference; lastKnownFileType = file; path = "Montserrat-Thin.ttf"; sourceTree = "<group>"; };
		1D36C76D239836F000671DF3 /* Montserrat-Bold.ttf */ = {isa = PBXFileReference; lastKnownFileType = file; path = "Montserrat-Bold.ttf"; sourceTree = "<group>"; };
		1D36C76E239836F000671DF3 /* Montserrat-Medium.ttf */ = {isa = PBXFileReference; lastKnownFileType = file; path = "Montserrat-Medium.ttf"; sourceTree = "<group>"; };
		1D36C76F239836F000671DF3 /* Montserrat-Light.ttf */ = {isa = PBXFileReference; lastKnownFileType = file; path = "Montserrat-Light.ttf"; sourceTree = "<group>"; };
		1D36C770239836F000671DF3 /* Montserrat-Regular.ttf */ = {isa = PBXFileReference; lastKnownFileType = file; path = "Montserrat-Regular.ttf"; sourceTree = "<group>"; };
		1D36C77723983B4800671DF3 /* CategoryCell.xib */ = {isa = PBXFileReference; lastKnownFileType = file.xib; path = CategoryCell.xib; sourceTree = "<group>"; };
		1D36C77923983B8800671DF3 /* CategoryCell.swift */ = {isa = PBXFileReference; lastKnownFileType = sourcecode.swift; path = CategoryCell.swift; sourceTree = "<group>"; };
		1D36C77B2398439F00671DF3 /* Montserrat-Black.ttf */ = {isa = PBXFileReference; lastKnownFileType = file; path = "Montserrat-Black.ttf"; sourceTree = "<group>"; };
		1D36C77E2398459A00671DF3 /* Category.swift */ = {isa = PBXFileReference; lastKnownFileType = sourcecode.swift; path = Category.swift; sourceTree = "<group>"; };
		1D6B36BA239880AC0072A91B /* ArticleCell.swift */ = {isa = PBXFileReference; lastKnownFileType = sourcecode.swift; path = ArticleCell.swift; sourceTree = "<group>"; };
		1D6B36BE239881620072A91B /* ArticleCell.xib */ = {isa = PBXFileReference; lastKnownFileType = file.xib; path = ArticleCell.xib; sourceTree = "<group>"; };
		1D6B36C0239885D90072A91B /* Article.swift */ = {isa = PBXFileReference; lastKnownFileType = sourcecode.swift; path = Article.swift; sourceTree = "<group>"; };
		1D6B36C2239888190072A91B /* Colors.swift */ = {isa = PBXFileReference; lastKnownFileType = sourcecode.swift; path = Colors.swift; sourceTree = "<group>"; };
		1D6B36C423989D130072A91B /* TableViewExtensions.swift */ = {isa = PBXFileReference; lastKnownFileType = sourcecode.swift; path = TableViewExtensions.swift; sourceTree = "<group>"; };
		1D6B36C623989D4C0072A91B /* TypeExtensions.swift */ = {isa = PBXFileReference; lastKnownFileType = sourcecode.swift; path = TypeExtensions.swift; sourceTree = "<group>"; };
/* End PBXFileReference section */

/* Begin PBXFrameworksBuildPhase section */
		1D29D3BE23974A0900477592 /* Frameworks */ = {
			isa = PBXFrameworksBuildPhase;
			buildActionMask = 2147483647;
			files = (
			);
			runOnlyForDeploymentPostprocessing = 0;
		};
		1D29D3D923974A1300477592 /* Frameworks */ = {
			isa = PBXFrameworksBuildPhase;
			buildActionMask = 2147483647;
			files = (
			);
			runOnlyForDeploymentPostprocessing = 0;
		};
		1D29D3E423974A1300477592 /* Frameworks */ = {
			isa = PBXFrameworksBuildPhase;
			buildActionMask = 2147483647;
			files = (
			);
			runOnlyForDeploymentPostprocessing = 0;
		};
/* End PBXFrameworksBuildPhase section */

/* Begin PBXGroup section */
		1D29D3B823974A0900477592 = {
			isa = PBXGroup;
			children = (
				1D29D3C323974A0900477592 /* greader */,
				1D29D3DF23974A1300477592 /* greaderTests */,
				1D29D3EA23974A1300477592 /* greaderUITests */,
				1D29D3C223974A0900477592 /* Products */,
			);
			sourceTree = "<group>";
		};
		1D29D3C223974A0900477592 /* Products */ = {
			isa = PBXGroup;
			children = (
				1D29D3C123974A0900477592 /* G Reader.app */,
				1D29D3DC23974A1300477592 /* greaderTests.xctest */,
				1D29D3E723974A1300477592 /* greaderUITests.xctest */,
			);
			name = Products;
			sourceTree = "<group>";
		};
		1D29D3C323974A0900477592 /* greader */ = {
			isa = PBXGroup;
			children = (
				1D36C74D2397F9EF00671DF3 /* Start */,
				1D36C7502397FBD500671DF3 /* Home */,
				1D36C7532398028700671DF3 /* Search */,
				1D36C758239802B200671DF3 /* Favorites */,
				1D36C76123982FEB00671DF3 /* Resources */,
				1D29D3C423974A0900477592 /* AppDelegate.swift */,
				1D29D3D723974A1200477592 /* Info.plist */,
				1D36C75F23981EB600671DF3 /* Colors.xcassets */,
				1D29D3D223974A1200477592 /* Assets.xcassets */,
				1D29D3CF23974A0900477592 /* greader.xcdatamodeld */,
			);
			path = greader;
			sourceTree = "<group>";
		};
		1D29D3DF23974A1300477592 /* greaderTests */ = {
			isa = PBXGroup;
			children = (
				1D29D3E023974A1300477592 /* greaderTests.swift */,
				1D29D3E223974A1300477592 /* Info.plist */,
			);
			path = greaderTests;
			sourceTree = "<group>";
		};
		1D29D3EA23974A1300477592 /* greaderUITests */ = {
			isa = PBXGroup;
			children = (
				1D29D3EB23974A1300477592 /* greaderUITests.swift */,
				1D29D3ED23974A1300477592 /* Info.plist */,
			);
			path = greaderUITests;
			sourceTree = "<group>";
		};
		1D36C74D2397F9EF00671DF3 /* Start */ = {
			isa = PBXGroup;
			children = (
				1D29D3D423974A1200477592 /* LaunchScreen.storyboard */,
				1D29D3CC23974A0900477592 /* TabBar.storyboard */,
				1D36C74E2397FA4C00671DF3 /* TabBarViewController.swift */,
			);
			path = Start;
			sourceTree = "<group>";
		};
		1D36C7502397FBD500671DF3 /* Home */ = {
			isa = PBXGroup;
			children = (
				1D36C759239802C600671DF3 /* Main */,
				1D36C75A239802D000671DF3 /* Categories */,
			);
			path = Home;
			sourceTree = "<group>";
		};
		1D36C7532398028700671DF3 /* Search */ = {
			isa = PBXGroup;
			children = (
				1D36C7542398029500671DF3 /* Search.storyboard */,
				1D36C756239802A200671DF3 /* SearchViewController.swift */,
			);
			path = Search;
			sourceTree = "<group>";
		};
		1D36C758239802B200671DF3 /* Favorites */ = {
			isa = PBXGroup;
			children = (
				1D36C75B239802F900671DF3 /* Favorites.storyboard */,
				1D36C75D2398030D00671DF3 /* FavoritesViewController.swift */,
			);
			path = Favorites;
			sourceTree = "<group>";
		};
		1D36C759239802C600671DF3 /* Main */ = {
			isa = PBXGroup;
			children = (
				1D36C77623983B2800671DF3 /* Cells */,
				1D36C77D2398458B00671DF3 /* Models */,
				1D36C751239800CE00671DF3 /* Home.storyboard */,
				1D29D3C823974A0900477592 /* HomeViewController.swift */,
			);
			path = Main;
			sourceTree = "<group>";
		};
		1D36C75A239802D000671DF3 /* Categories */ = {
			isa = PBXGroup;
			children = (
			);
			path = Categories;
			sourceTree = "<group>";
		};
		1D36C76123982FEB00671DF3 /* Resources */ = {
			isa = PBXGroup;
			children = (
				1D36C780239849E400671DF3 /* Constants */,
				1D36C76223982FF900671DF3 /* Extensions */,
				1D36C7672398351F00671DF3 /* Fonts */,
			);
			path = Resources;
			sourceTree = "<group>";
		};
		1D36C76223982FF900671DF3 /* Extensions */ = {
			isa = PBXGroup;
			children = (
				1D6B36C423989D130072A91B /* TableViewExtensions.swift */,
				1D6B36C623989D4C0072A91B /* TypeExtensions.swift */,
				1D36C7652398323200671DF3 /* ViewExtensions.swift */,
			);
			path = Extensions;
			sourceTree = "<group>";
		};
		1D36C7672398351F00671DF3 /* Fonts */ = {
			isa = PBXGroup;
			children = (
				1D36C77B2398439F00671DF3 /* Montserrat-Black.ttf */,
				1D36C76D239836F000671DF3 /* Montserrat-Bold.ttf */,
				1D36C76F239836F000671DF3 /* Montserrat-Light.ttf */,
				1D36C76E239836F000671DF3 /* Montserrat-Medium.ttf */,
				1D36C770239836F000671DF3 /* Montserrat-Regular.ttf */,
				1D36C76C2398359C00671DF3 /* Montserrat-Thin.ttf */,
			);
			path = Fonts;
			sourceTree = "<group>";
		};
		1D36C77623983B2800671DF3 /* Cells */ = {
			isa = PBXGroup;
			children = (
				1D6B36BE239881620072A91B /* ArticleCell.xib */,
				1D6B36BA239880AC0072A91B /* ArticleCell.swift */,
				1D36C77723983B4800671DF3 /* CategoryCell.xib */,
				1D36C77923983B8800671DF3 /* CategoryCell.swift */,
			);
			path = Cells;
			sourceTree = "<group>";
		};
		1D36C77D2398458B00671DF3 /* Models */ = {
			isa = PBXGroup;
			children = (
				1D6B36C0239885D90072A91B /* Article.swift */,
				1D36C77E2398459A00671DF3 /* Category.swift */,
			);
			path = Models;
			sourceTree = "<group>";
		};
		1D36C780239849E400671DF3 /* Constants */ = {
			isa = PBXGroup;
			children = (
				1D6B36C2239888190072A91B /* Colors.swift */,
			);
			path = Constants;
			sourceTree = "<group>";
		};
/* End PBXGroup section */

/* Begin PBXNativeTarget section */
		1D29D3C023974A0900477592 /* greader */ = {
			isa = PBXNativeTarget;
			buildConfigurationList = 1D29D3F023974A1300477592 /* Build configuration list for PBXNativeTarget "greader" */;
			buildPhases = (
				1D29D3BD23974A0900477592 /* Sources */,
				1D29D3BE23974A0900477592 /* Frameworks */,
				1D29D3BF23974A0900477592 /* Resources */,
			);
			buildRules = (
			);
			dependencies = (
			);
			name = greader;
			productName = greader;
			productReference = 1D29D3C123974A0900477592 /* G Reader.app */;
			productType = "com.apple.product-type.application";
		};
		1D29D3DB23974A1300477592 /* greaderTests */ = {
			isa = PBXNativeTarget;
			buildConfigurationList = 1D29D3F323974A1300477592 /* Build configuration list for PBXNativeTarget "greaderTests" */;
			buildPhases = (
				1D29D3D823974A1300477592 /* Sources */,
				1D29D3D923974A1300477592 /* Frameworks */,
				1D29D3DA23974A1300477592 /* Resources */,
			);
			buildRules = (
			);
			dependencies = (
				1D29D3DE23974A1300477592 /* PBXTargetDependency */,
			);
			name = greaderTests;
			productName = greaderTests;
			productReference = 1D29D3DC23974A1300477592 /* greaderTests.xctest */;
			productType = "com.apple.product-type.bundle.unit-test";
		};
		1D29D3E623974A1300477592 /* greaderUITests */ = {
			isa = PBXNativeTarget;
			buildConfigurationList = 1D29D3F623974A1300477592 /* Build configuration list for PBXNativeTarget "greaderUITests" */;
			buildPhases = (
				1D29D3E323974A1300477592 /* Sources */,
				1D29D3E423974A1300477592 /* Frameworks */,
				1D29D3E523974A1300477592 /* Resources */,
			);
			buildRules = (
			);
			dependencies = (
				1D29D3E923974A1300477592 /* PBXTargetDependency */,
			);
			name = greaderUITests;
			productName = greaderUITests;
			productReference = 1D29D3E723974A1300477592 /* greaderUITests.xctest */;
			productType = "com.apple.product-type.bundle.ui-testing";
		};
/* End PBXNativeTarget section */

/* Begin PBXProject section */
		1D29D3B923974A0900477592 /* Project object */ = {
			isa = PBXProject;
			attributes = {
				LastSwiftUpdateCheck = 1120;
				LastUpgradeCheck = 1120;
				ORGANIZATIONNAME = "Lohan Marques";
				TargetAttributes = {
					1D29D3C023974A0900477592 = {
						CreatedOnToolsVersion = 11.2.1;
					};
					1D29D3DB23974A1300477592 = {
						CreatedOnToolsVersion = 11.2.1;
						TestTargetID = 1D29D3C023974A0900477592;
					};
					1D29D3E623974A1300477592 = {
						CreatedOnToolsVersion = 11.2.1;
						TestTargetID = 1D29D3C023974A0900477592;
					};
				};
			};
			buildConfigurationList = 1D29D3BC23974A0900477592 /* Build configuration list for PBXProject "greader" */;
			compatibilityVersion = "Xcode 9.3";
			developmentRegion = en;
			hasScannedForEncodings = 0;
			knownRegions = (
				en,
				Base,
			);
			mainGroup = 1D29D3B823974A0900477592;
			productRefGroup = 1D29D3C223974A0900477592 /* Products */;
			projectDirPath = "";
			projectRoot = "";
			targets = (
				1D29D3C023974A0900477592 /* greader */,
				1D29D3DB23974A1300477592 /* greaderTests */,
				1D29D3E623974A1300477592 /* greaderUITests */,
			);
		};
/* End PBXProject section */

/* Begin PBXResourcesBuildPhase section */
		1D29D3BF23974A0900477592 /* Resources */ = {
			isa = PBXResourcesBuildPhase;
			buildActionMask = 2147483647;
			files = (
				1D36C773239836F100671DF3 /* Montserrat-Light.ttf in Resources */,
				1D36C77C2398439F00671DF3 /* Montserrat-Black.ttf in Resources */,
				1D36C774239836F100671DF3 /* Montserrat-Regular.ttf in Resources */,
				1D29D3D623974A1200477592 /* LaunchScreen.storyboard in Resources */,
				1D29D3D323974A1200477592 /* Assets.xcassets in Resources */,
				1D36C77823983B4800671DF3 /* CategoryCell.xib in Resources */,
				1D36C75C239802F900671DF3 /* Favorites.storyboard in Resources */,
				1D29D3CE23974A0900477592 /* TabBar.storyboard in Resources */,
				1D36C771239836F100671DF3 /* Montserrat-Bold.ttf in Resources */,
				1D36C752239800CE00671DF3 /* Home.storyboard in Resources */,
				1D36C7552398029500671DF3 /* Search.storyboard in Resources */,
				1D36C772239836F100671DF3 /* Montserrat-Medium.ttf in Resources */,
				1D36C775239836F900671DF3 /* Montserrat-Thin.ttf in Resources */,
				1D6B36BF239881620072A91B /* ArticleCell.xib in Resources */,
				1D36C76023981EB600671DF3 /* Colors.xcassets in Resources */,
			);
			runOnlyForDeploymentPostprocessing = 0;
		};
		1D29D3DA23974A1300477592 /* Resources */ = {
			isa = PBXResourcesBuildPhase;
			buildActionMask = 2147483647;
			files = (
			);
			runOnlyForDeploymentPostprocessing = 0;
		};
		1D29D3E523974A1300477592 /* Resources */ = {
			isa = PBXResourcesBuildPhase;
			buildActionMask = 2147483647;
			files = (
			);
			runOnlyForDeploymentPostprocessing = 0;
		};
/* End PBXResourcesBuildPhase section */

/* Begin PBXSourcesBuildPhase section */
		1D29D3BD23974A0900477592 /* Sources */ = {
			isa = PBXSourcesBuildPhase;
			buildActionMask = 2147483647;
			files = (
				1D36C757239802A200671DF3 /* SearchViewController.swift in Sources */,
				1D36C7662398323200671DF3 /* ViewExtensions.swift in Sources */,
				1D29D3D123974A0900477592 /* greader.xcdatamodeld in Sources */,
				1D36C77A23983B8900671DF3 /* CategoryCell.swift in Sources */,
				1D29D3C923974A0900477592 /* HomeViewController.swift in Sources */,
				1D6B36C723989D4C0072A91B /* TypeExtensions.swift in Sources */,
				1D36C77F2398459A00671DF3 /* Category.swift in Sources */,
				1D36C74F2397FA4C00671DF3 /* TabBarViewController.swift in Sources */,
				1D36C75E2398030D00671DF3 /* FavoritesViewController.swift in Sources */,
				1D6B36C3239888190072A91B /* Colors.swift in Sources */,
				1D6B36C1239885D90072A91B /* Article.swift in Sources */,
				1D29D3C523974A0900477592 /* AppDelegate.swift in Sources */,
				1D6B36BB239880AD0072A91B /* ArticleCell.swift in Sources */,
				1D6B36C523989D130072A91B /* TableViewExtensions.swift in Sources */,
			);
			runOnlyForDeploymentPostprocessing = 0;
		};
		1D29D3D823974A1300477592 /* Sources */ = {
			isa = PBXSourcesBuildPhase;
			buildActionMask = 2147483647;
			files = (
				1D29D3E123974A1300477592 /* greaderTests.swift in Sources */,
			);
			runOnlyForDeploymentPostprocessing = 0;
		};
		1D29D3E323974A1300477592 /* Sources */ = {
			isa = PBXSourcesBuildPhase;
			buildActionMask = 2147483647;
			files = (
				1D29D3EC23974A1300477592 /* greaderUITests.swift in Sources */,
			);
			runOnlyForDeploymentPostprocessing = 0;
		};
/* End PBXSourcesBuildPhase section */

/* Begin PBXTargetDependency section */
		1D29D3DE23974A1300477592 /* PBXTargetDependency */ = {
			isa = PBXTargetDependency;
			target = 1D29D3C023974A0900477592 /* greader */;
			targetProxy = 1D29D3DD23974A1300477592 /* PBXContainerItemProxy */;
		};
		1D29D3E923974A1300477592 /* PBXTargetDependency */ = {
			isa = PBXTargetDependency;
			target = 1D29D3C023974A0900477592 /* greader */;
			targetProxy = 1D29D3E823974A1300477592 /* PBXContainerItemProxy */;
		};
/* End PBXTargetDependency section */

/* Begin PBXVariantGroup section */
		1D29D3CC23974A0900477592 /* TabBar.storyboard */ = {
			isa = PBXVariantGroup;
			children = (
				1D29D3CD23974A0900477592 /* Base */,
			);
			name = TabBar.storyboard;
			sourceTree = "<group>";
		};
		1D29D3D423974A1200477592 /* LaunchScreen.storyboard */ = {
			isa = PBXVariantGroup;
			children = (
				1D29D3D523974A1200477592 /* Base */,
			);
			name = LaunchScreen.storyboard;
			sourceTree = "<group>";
		};
/* End PBXVariantGroup section */

/* Begin XCBuildConfiguration section */
		1D29D3EE23974A1300477592 /* Debug */ = {
			isa = XCBuildConfiguration;
			buildSettings = {
				ALWAYS_SEARCH_USER_PATHS = NO;
				CLANG_ANALYZER_NONNULL = YES;
				CLANG_ANALYZER_NUMBER_OBJECT_CONVERSION = YES_AGGRESSIVE;
				CLANG_CXX_LANGUAGE_STANDARD = "gnu++14";
				CLANG_CXX_LIBRARY = "libc++";
				CLANG_ENABLE_MODULES = YES;
				CLANG_ENABLE_OBJC_ARC = YES;
				CLANG_ENABLE_OBJC_WEAK = YES;
				CLANG_WARN_BLOCK_CAPTURE_AUTORELEASING = YES;
				CLANG_WARN_BOOL_CONVERSION = YES;
				CLANG_WARN_COMMA = YES;
				CLANG_WARN_CONSTANT_CONVERSION = YES;
				CLANG_WARN_DEPRECATED_OBJC_IMPLEMENTATIONS = YES;
				CLANG_WARN_DIRECT_OBJC_ISA_USAGE = YES_ERROR;
				CLANG_WARN_DOCUMENTATION_COMMENTS = YES;
				CLANG_WARN_EMPTY_BODY = YES;
				CLANG_WARN_ENUM_CONVERSION = YES;
				CLANG_WARN_INFINITE_RECURSION = YES;
				CLANG_WARN_INT_CONVERSION = YES;
				CLANG_WARN_NON_LITERAL_NULL_CONVERSION = YES;
				CLANG_WARN_OBJC_IMPLICIT_RETAIN_SELF = YES;
				CLANG_WARN_OBJC_LITERAL_CONVERSION = YES;
				CLANG_WARN_OBJC_ROOT_CLASS = YES_ERROR;
				CLANG_WARN_RANGE_LOOP_ANALYSIS = YES;
				CLANG_WARN_STRICT_PROTOTYPES = YES;
				CLANG_WARN_SUSPICIOUS_MOVE = YES;
				CLANG_WARN_UNGUARDED_AVAILABILITY = YES_AGGRESSIVE;
				CLANG_WARN_UNREACHABLE_CODE = YES;
				CLANG_WARN__DUPLICATE_METHOD_MATCH = YES;
				COPY_PHASE_STRIP = NO;
				DEBUG_INFORMATION_FORMAT = dwarf;
				ENABLE_STRICT_OBJC_MSGSEND = YES;
				ENABLE_TESTABILITY = YES;
				GCC_C_LANGUAGE_STANDARD = gnu11;
				GCC_DYNAMIC_NO_PIC = NO;
				GCC_NO_COMMON_BLOCKS = YES;
				GCC_OPTIMIZATION_LEVEL = 0;
				GCC_PREPROCESSOR_DEFINITIONS = (
					"DEBUG=1",
					"$(inherited)",
				);
				GCC_WARN_64_TO_32_BIT_CONVERSION = YES;
				GCC_WARN_ABOUT_RETURN_TYPE = YES_ERROR;
				GCC_WARN_UNDECLARED_SELECTOR = YES;
				GCC_WARN_UNINITIALIZED_AUTOS = YES_AGGRESSIVE;
				GCC_WARN_UNUSED_FUNCTION = YES;
				GCC_WARN_UNUSED_VARIABLE = YES;
				IPHONEOS_DEPLOYMENT_TARGET = 13.2;
				MTL_ENABLE_DEBUG_INFO = INCLUDE_SOURCE;
				MTL_FAST_MATH = YES;
				ONLY_ACTIVE_ARCH = YES;
				SDKROOT = iphoneos;
				SWIFT_ACTIVE_COMPILATION_CONDITIONS = DEBUG;
				SWIFT_OPTIMIZATION_LEVEL = "-Onone";
			};
			name = Debug;
		};
		1D29D3EF23974A1300477592 /* Release */ = {
			isa = XCBuildConfiguration;
			buildSettings = {
				ALWAYS_SEARCH_USER_PATHS = NO;
				CLANG_ANALYZER_NONNULL = YES;
				CLANG_ANALYZER_NUMBER_OBJECT_CONVERSION = YES_AGGRESSIVE;
				CLANG_CXX_LANGUAGE_STANDARD = "gnu++14";
				CLANG_CXX_LIBRARY = "libc++";
				CLANG_ENABLE_MODULES = YES;
				CLANG_ENABLE_OBJC_ARC = YES;
				CLANG_ENABLE_OBJC_WEAK = YES;
				CLANG_WARN_BLOCK_CAPTURE_AUTORELEASING = YES;
				CLANG_WARN_BOOL_CONVERSION = YES;
				CLANG_WARN_COMMA = YES;
				CLANG_WARN_CONSTANT_CONVERSION = YES;
				CLANG_WARN_DEPRECATED_OBJC_IMPLEMENTATIONS = YES;
				CLANG_WARN_DIRECT_OBJC_ISA_USAGE = YES_ERROR;
				CLANG_WARN_DOCUMENTATION_COMMENTS = YES;
				CLANG_WARN_EMPTY_BODY = YES;
				CLANG_WARN_ENUM_CONVERSION = YES;
				CLANG_WARN_INFINITE_RECURSION = YES;
				CLANG_WARN_INT_CONVERSION = YES;
				CLANG_WARN_NON_LITERAL_NULL_CONVERSION = YES;
				CLANG_WARN_OBJC_IMPLICIT_RETAIN_SELF = YES;
				CLANG_WARN_OBJC_LITERAL_CONVERSION = YES;
				CLANG_WARN_OBJC_ROOT_CLASS = YES_ERROR;
				CLANG_WARN_RANGE_LOOP_ANALYSIS = YES;
				CLANG_WARN_STRICT_PROTOTYPES = YES;
				CLANG_WARN_SUSPICIOUS_MOVE = YES;
				CLANG_WARN_UNGUARDED_AVAILABILITY = YES_AGGRESSIVE;
				CLANG_WARN_UNREACHABLE_CODE = YES;
				CLANG_WARN__DUPLICATE_METHOD_MATCH = YES;
				COPY_PHASE_STRIP = NO;
				DEBUG_INFORMATION_FORMAT = "dwarf-with-dsym";
				ENABLE_NS_ASSERTIONS = NO;
				ENABLE_STRICT_OBJC_MSGSEND = YES;
				GCC_C_LANGUAGE_STANDARD = gnu11;
				GCC_NO_COMMON_BLOCKS = YES;
				GCC_WARN_64_TO_32_BIT_CONVERSION = YES;
				GCC_WARN_ABOUT_RETURN_TYPE = YES_ERROR;
				GCC_WARN_UNDECLARED_SELECTOR = YES;
				GCC_WARN_UNINITIALIZED_AUTOS = YES_AGGRESSIVE;
				GCC_WARN_UNUSED_FUNCTION = YES;
				GCC_WARN_UNUSED_VARIABLE = YES;
				IPHONEOS_DEPLOYMENT_TARGET = 13.2;
				MTL_ENABLE_DEBUG_INFO = NO;
				MTL_FAST_MATH = YES;
				SDKROOT = iphoneos;
				SWIFT_COMPILATION_MODE = wholemodule;
				SWIFT_OPTIMIZATION_LEVEL = "-O";
				VALIDATE_PRODUCT = YES;
			};
			name = Release;
		};
		1D29D3F123974A1300477592 /* Debug */ = {
			isa = XCBuildConfiguration;
			buildSettings = {
				ASSETCATALOG_COMPILER_APPICON_NAME = AppIcon;
				CODE_SIGN_STYLE = Automatic;
				DEVELOPMENT_TEAM = PND684FS69;
				INFOPLIST_FILE = greader/Info.plist;
				IPHONEOS_DEPLOYMENT_TARGET = 11.0;
				LD_RUNPATH_SEARCH_PATHS = (
					"$(inherited)",
					"@executable_path/Frameworks",
				);
				PRODUCT_BUNDLE_IDENTIFIER = br.com.marqsan.greader;
				PRODUCT_NAME = "G Reader";
				SWIFT_VERSION = 5.0;
				TARGETED_DEVICE_FAMILY = "1,2";
			};
			name = Debug;
		};
		1D29D3F223974A1300477592 /* Release */ = {
			isa = XCBuildConfiguration;
			buildSettings = {
				ASSETCATALOG_COMPILER_APPICON_NAME = AppIcon;
				CODE_SIGN_STYLE = Automatic;
				DEVELOPMENT_TEAM = PND684FS69;
				INFOPLIST_FILE = greader/Info.plist;
				IPHONEOS_DEPLOYMENT_TARGET = 11.0;
				LD_RUNPATH_SEARCH_PATHS = (
					"$(inherited)",
					"@executable_path/Frameworks",
				);
				PRODUCT_BUNDLE_IDENTIFIER = br.com.marqsan.greader;
				PRODUCT_NAME = "G Reader";
				SWIFT_VERSION = 5.0;
				TARGETED_DEVICE_FAMILY = "1,2";
			};
			name = Release;
		};
		1D29D3F423974A1300477592 /* Debug */ = {
			isa = XCBuildConfiguration;
			buildSettings = {
				ALWAYS_EMBED_SWIFT_STANDARD_LIBRARIES = YES;
				BUNDLE_LOADER = "$(TEST_HOST)";
				CODE_SIGN_STYLE = Automatic;
				DEVELOPMENT_TEAM = PND684FS69;
				INFOPLIST_FILE = greaderTests/Info.plist;
				IPHONEOS_DEPLOYMENT_TARGET = 13.2;
				LD_RUNPATH_SEARCH_PATHS = (
					"$(inherited)",
					"@executable_path/Frameworks",
					"@loader_path/Frameworks",
				);
				PRODUCT_BUNDLE_IDENTIFIER = br.com.marqsan.greaderTests;
				PRODUCT_NAME = "$(TARGET_NAME)";
				SWIFT_VERSION = 5.0;
				TARGETED_DEVICE_FAMILY = "1,2";
				TEST_HOST = "$(BUILT_PRODUCTS_DIR)/greader.app/greader";
			};
			name = Debug;
		};
		1D29D3F523974A1300477592 /* Release */ = {
			isa = XCBuildConfiguration;
			buildSettings = {
				ALWAYS_EMBED_SWIFT_STANDARD_LIBRARIES = YES;
				BUNDLE_LOADER = "$(TEST_HOST)";
				CODE_SIGN_STYLE = Automatic;
				DEVELOPMENT_TEAM = PND684FS69;
				INFOPLIST_FILE = greaderTests/Info.plist;
				IPHONEOS_DEPLOYMENT_TARGET = 13.2;
				LD_RUNPATH_SEARCH_PATHS = (
					"$(inherited)",
					"@executable_path/Frameworks",
					"@loader_path/Frameworks",
				);
				PRODUCT_BUNDLE_IDENTIFIER = br.com.marqsan.greaderTests;
				PRODUCT_NAME = "$(TARGET_NAME)";
				SWIFT_VERSION = 5.0;
				TARGETED_DEVICE_FAMILY = "1,2";
				TEST_HOST = "$(BUILT_PRODUCTS_DIR)/greader.app/greader";
			};
			name = Release;
		};
		1D29D3F723974A1300477592 /* Debug */ = {
			isa = XCBuildConfiguration;
			buildSettings = {
				ALWAYS_EMBED_SWIFT_STANDARD_LIBRARIES = YES;
				CODE_SIGN_STYLE = Automatic;
				DEVELOPMENT_TEAM = PND684FS69;
				INFOPLIST_FILE = greaderUITests/Info.plist;
				LD_RUNPATH_SEARCH_PATHS = (
					"$(inherited)",
					"@executable_path/Frameworks",
					"@loader_path/Frameworks",
				);
				PRODUCT_BUNDLE_IDENTIFIER = br.com.marqsan.greaderUITests;
				PRODUCT_NAME = "$(TARGET_NAME)";
				SWIFT_VERSION = 5.0;
				TARGETED_DEVICE_FAMILY = "1,2";
				TEST_TARGET_NAME = greader;
			};
			name = Debug;
		};
		1D29D3F823974A1300477592 /* Release */ = {
			isa = XCBuildConfiguration;
			buildSettings = {
				ALWAYS_EMBED_SWIFT_STANDARD_LIBRARIES = YES;
				CODE_SIGN_STYLE = Automatic;
				DEVELOPMENT_TEAM = PND684FS69;
				INFOPLIST_FILE = greaderUITests/Info.plist;
				LD_RUNPATH_SEARCH_PATHS = (
					"$(inherited)",
					"@executable_path/Frameworks",
					"@loader_path/Frameworks",
				);
				PRODUCT_BUNDLE_IDENTIFIER = br.com.marqsan.greaderUITests;
				PRODUCT_NAME = "$(TARGET_NAME)";
				SWIFT_VERSION = 5.0;
				TARGETED_DEVICE_FAMILY = "1,2";
				TEST_TARGET_NAME = greader;
			};
			name = Release;
		};
/* End XCBuildConfiguration section */

/* Begin XCConfigurationList section */
		1D29D3BC23974A0900477592 /* Build configuration list for PBXProject "greader" */ = {
			isa = XCConfigurationList;
			buildConfigurations = (
				1D29D3EE23974A1300477592 /* Debug */,
				1D29D3EF23974A1300477592 /* Release */,
			);
			defaultConfigurationIsVisible = 0;
			defaultConfigurationName = Release;
		};
		1D29D3F023974A1300477592 /* Build configuration list for PBXNativeTarget "greader" */ = {
			isa = XCConfigurationList;
			buildConfigurations = (
				1D29D3F123974A1300477592 /* Debug */,
				1D29D3F223974A1300477592 /* Release */,
			);
			defaultConfigurationIsVisible = 0;
			defaultConfigurationName = Release;
		};
		1D29D3F323974A1300477592 /* Build configuration list for PBXNativeTarget "greaderTests" */ = {
			isa = XCConfigurationList;
			buildConfigurations = (
				1D29D3F423974A1300477592 /* Debug */,
				1D29D3F523974A1300477592 /* Release */,
			);
			defaultConfigurationIsVisible = 0;
			defaultConfigurationName = Release;
		};
		1D29D3F623974A1300477592 /* Build configuration list for PBXNativeTarget "greaderUITests" */ = {
			isa = XCConfigurationList;
			buildConfigurations = (
				1D29D3F723974A1300477592 /* Debug */,
				1D29D3F823974A1300477592 /* Release */,
			);
			defaultConfigurationIsVisible = 0;
			defaultConfigurationName = Release;
		};
/* End XCConfigurationList section */

/* Begin XCVersionGroup section */
		1D29D3CF23974A0900477592 /* greader.xcdatamodeld */ = {
			isa = XCVersionGroup;
			children = (
				1D29D3D023974A0900477592 /* greader.xcdatamodel */,
			);
			currentVersion = 1D29D3D023974A0900477592 /* greader.xcdatamodel */;
			path = greader.xcdatamodeld;
			sourceTree = "<group>";
			versionGroupType = wrapper.xcdatamodel;
		};
/* End XCVersionGroup section */
	};
	rootObject = 1D29D3B923974A0900477592 /* Project object */;
}
